// !$*UTF8*$!
{
	archiveVersion = 1;
	classes = {
	};
	objectVersion = 46;
	objects = {

/* Begin PBXBuildFile section */
		270C5B1F1A746F0A0004A632 /* MapKit.framework in Frameworks */ = {isa = PBXBuildFile; fileRef = 270C5B1E1A746F0A0004A632 /* MapKit.framework */; };
		270C5B211A746F150004A632 /* CoreLocation.framework in Frameworks */ = {isa = PBXBuildFile; fileRef = 270C5B201A746F150004A632 /* CoreLocation.framework */; };
		270C5B241A746F930004A632 /* LocationManager.m in Sources */ = {isa = PBXBuildFile; fileRef = 270C5B231A746F930004A632 /* LocationManager.m */; };
		270C5B271A746FB60004A632 /* FindGamesByLocationViewController.m in Sources */ = {isa = PBXBuildFile; fileRef = 270C5B261A746FB60004A632 /* FindGamesByLocationViewController.m */; };
		274713461A75CACF001EF18A /* MapViewAnnotation.m in Sources */ = {isa = PBXBuildFile; fileRef = 274713451A75CACF001EF18A /* MapViewAnnotation.m */; };
		274A66FC1A7ABEDB00B712FF /* FindGamesByTimeTableViewController.m in Sources */ = {isa = PBXBuildFile; fileRef = 274A66FB1A7ABEDB00B712FF /* FindGamesByTimeTableViewController.m */; };
		274A66FF1A7ABEF000B712FF /* FindGamesBySkillTableViewController.m in Sources */ = {isa = PBXBuildFile; fileRef = 274A66FE1A7ABEF000B712FF /* FindGamesBySkillTableViewController.m */; };
		2759226A1A87D8DA00B6E6A2 /* TimeCellTableViewCell.m in Sources */ = {isa = PBXBuildFile; fileRef = 275922691A87D8DA00B6E6A2 /* TimeCellTableViewCell.m */; };
		276A2DFE1A7BFF5200BD7600 /* RegisterViewController.m in Sources */ = {isa = PBXBuildFile; fileRef = 276A2DFD1A7BFF5200BD7600 /* RegisterViewController.m */; };
		276A2E011A7BFF6300BD7600 /* LoginViewController.m in Sources */ = {isa = PBXBuildFile; fileRef = 276A2E001A7BFF6300BD7600 /* LoginViewController.m */; };
		279E2ABF1A71A77F0080542E /* main.m in Sources */ = {isa = PBXBuildFile; fileRef = 279E2ABE1A71A77F0080542E /* main.m */; };
		279E2AC21A71A77F0080542E /* AppDelegate.m in Sources */ = {isa = PBXBuildFile; fileRef = 279E2AC11A71A77F0080542E /* AppDelegate.m */; };
		279E2AC51A71A77F0080542E /* ViewController.m in Sources */ = {isa = PBXBuildFile; fileRef = 279E2AC41A71A77F0080542E /* ViewController.m */; };
		279E2AC81A71A77F0080542E /* Main.storyboard in Resources */ = {isa = PBXBuildFile; fileRef = 279E2AC61A71A77F0080542E /* Main.storyboard */; };
		279E2ACA1A71A77F0080542E /* Images.xcassets in Resources */ = {isa = PBXBuildFile; fileRef = 279E2AC91A71A77F0080542E /* Images.xcassets */; };
		279E2ACD1A71A77F0080542E /* LaunchScreen.xib in Resources */ = {isa = PBXBuildFile; fileRef = 279E2ACB1A71A77F0080542E /* LaunchScreen.xib */; };
		279E2AD91A71A7800080542E /* GameFinderTests.m in Sources */ = {isa = PBXBuildFile; fileRef = 279E2AD81A71A7800080542E /* GameFinderTests.m */; };
		279E2AE31A71AD310080542E /* globe.png in Resources */ = {isa = PBXBuildFile; fileRef = 279E2AE21A71AD310080542E /* globe.png */; };
		279E2AE61A71B35E0080542E /* clock.png in Resources */ = {isa = PBXBuildFile; fileRef = 279E2AE51A71B35E0080542E /* clock.png */; };
		279E2AE81A71CAF60080542E /* basketball.png in Resources */ = {isa = PBXBuildFile; fileRef = 279E2AE71A71CAF60080542E /* basketball.png */; };
		27FC60701A7B4073005AE24C /* Bolts.framework in Frameworks */ = {isa = PBXBuildFile; fileRef = 27FC606F1A7B4073005AE24C /* Bolts.framework */; };
		27FC60721A7B4086005AE24C /* Parse.framework in Frameworks */ = {isa = PBXBuildFile; fileRef = 27FC60711A7B4086005AE24C /* Parse.framework */; };
		27FC60761A7B418A005AE24C /* AudioToolbox.framework in Frameworks */ = {isa = PBXBuildFile; fileRef = 27FC60751A7B418A005AE24C /* AudioToolbox.framework */; };
		27FC60781A7B4192005AE24C /* CFNetwork.framework in Frameworks */ = {isa = PBXBuildFile; fileRef = 27FC60771A7B4192005AE24C /* CFNetwork.framework */; };
		27FC607A1A7B419F005AE24C /* CoreGraphics.framework in Frameworks */ = {isa = PBXBuildFile; fileRef = 27FC60791A7B419F005AE24C /* CoreGraphics.framework */; };
		27FC607C1A7B41A9005AE24C /* MobileCoreServices.framework in Frameworks */ = {isa = PBXBuildFile; fileRef = 27FC607B1A7B41A9005AE24C /* MobileCoreServices.framework */; };
		27FC607E1A7B41B1005AE24C /* QuartzCore.framework in Frameworks */ = {isa = PBXBuildFile; fileRef = 27FC607D1A7B41B1005AE24C /* QuartzCore.framework */; };
		27FC60801A7B41BB005AE24C /* Security.framework in Frameworks */ = {isa = PBXBuildFile; fileRef = 27FC607F1A7B41BB005AE24C /* Security.framework */; };
		27FC60821A7B41C5005AE24C /* StoreKit.framework in Frameworks */ = {isa = PBXBuildFile; fileRef = 27FC60811A7B41C5005AE24C /* StoreKit.framework */; };
		27FC60841A7B41DB005AE24C /* SystemConfiguration.framework in Frameworks */ = {isa = PBXBuildFile; fileRef = 27FC60831A7B41DB005AE24C /* SystemConfiguration.framework */; };
		27FC60861A7B41E7005AE24C /* libz.dylib in Frameworks */ = {isa = PBXBuildFile; fileRef = 27FC60851A7B41E7005AE24C /* libz.dylib */; };
		27FC60881A7B41F3005AE24C /* libsqlite3.dylib in Frameworks */ = {isa = PBXBuildFile; fileRef = 27FC60871A7B41F3005AE24C /* libsqlite3.dylib */; };
/* End PBXBuildFile section */

/* Begin PBXContainerItemProxy section */
		279E2AD31A71A7800080542E /* PBXContainerItemProxy */ = {
			isa = PBXContainerItemProxy;
			containerPortal = 279E2AB11A71A77F0080542E /* Project object */;
			proxyType = 1;
			remoteGlobalIDString = 279E2AB81A71A77F0080542E;
			remoteInfo = GameFinder;
		};
/* End PBXContainerItemProxy section */

/* Begin PBXFileReference section */
		270C5B1E1A746F0A0004A632 /* MapKit.framework */ = {isa = PBXFileReference; lastKnownFileType = wrapper.framework; name = MapKit.framework; path = System/Library/Frameworks/MapKit.framework; sourceTree = SDKROOT; };
		270C5B201A746F150004A632 /* CoreLocation.framework */ = {isa = PBXFileReference; lastKnownFileType = wrapper.framework; name = CoreLocation.framework; path = System/Library/Frameworks/CoreLocation.framework; sourceTree = SDKROOT; };
		270C5B221A746F930004A632 /* LocationManager.h */ = {isa = PBXFileReference; fileEncoding = 4; lastKnownFileType = sourcecode.c.h; name = LocationManager.h; path = ../LocationManager.h; sourceTree = "<group>"; };
		270C5B231A746F930004A632 /* LocationManager.m */ = {isa = PBXFileReference; fileEncoding = 4; lastKnownFileType = sourcecode.c.objc; name = LocationManager.m; path = ../LocationManager.m; sourceTree = "<group>"; };
		270C5B251A746FB60004A632 /* FindGamesByLocationViewController.h */ = {isa = PBXFileReference; fileEncoding = 4; lastKnownFileType = sourcecode.c.h; name = FindGamesByLocationViewController.h; path = ../FindGamesByLocationViewController.h; sourceTree = "<group>"; };
		270C5B261A746FB60004A632 /* FindGamesByLocationViewController.m */ = {isa = PBXFileReference; fileEncoding = 4; lastKnownFileType = sourcecode.c.objc; name = FindGamesByLocationViewController.m; path = ../FindGamesByLocationViewController.m; sourceTree = "<group>"; };
		274713441A75CACF001EF18A /* MapViewAnnotation.h */ = {isa = PBXFileReference; fileEncoding = 4; lastKnownFileType = sourcecode.c.h; name = MapViewAnnotation.h; path = ../MapViewAnnotation.h; sourceTree = "<group>"; };
		274713451A75CACF001EF18A /* MapViewAnnotation.m */ = {isa = PBXFileReference; fileEncoding = 4; lastKnownFileType = sourcecode.c.objc; name = MapViewAnnotation.m; path = ../MapViewAnnotation.m; sourceTree = "<group>"; };
		274A66FA1A7ABEDB00B712FF /* FindGamesByTimeTableViewController.h */ = {isa = PBXFileReference; fileEncoding = 4; lastKnownFileType = sourcecode.c.h; name = FindGamesByTimeTableViewController.h; path = ../FindGamesByTimeTableViewController.h; sourceTree = "<group>"; };
		274A66FB1A7ABEDB00B712FF /* FindGamesByTimeTableViewController.m */ = {isa = PBXFileReference; fileEncoding = 4; lastKnownFileType = sourcecode.c.objc; name = FindGamesByTimeTableViewController.m; path = ../FindGamesByTimeTableViewController.m; sourceTree = "<group>"; };
		274A66FD1A7ABEF000B712FF /* FindGamesBySkillTableViewController.h */ = {isa = PBXFileReference; fileEncoding = 4; lastKnownFileType = sourcecode.c.h; name = FindGamesBySkillTableViewController.h; path = ../FindGamesBySkillTableViewController.h; sourceTree = "<group>"; };
		274A66FE1A7ABEF000B712FF /* FindGamesBySkillTableViewController.m */ = {isa = PBXFileReference; fileEncoding = 4; lastKnownFileType = sourcecode.c.objc; name = FindGamesBySkillTableViewController.m; path = ../FindGamesBySkillTableViewController.m; sourceTree = "<group>"; };
		275922681A87D8DA00B6E6A2 /* TimeCellTableViewCell.h */ = {isa = PBXFileReference; fileEncoding = 4; lastKnownFileType = sourcecode.c.h; name = TimeCellTableViewCell.h; path = ../TimeCellTableViewCell.h; sourceTree = "<group>"; };
		275922691A87D8DA00B6E6A2 /* TimeCellTableViewCell.m */ = {isa = PBXFileReference; fileEncoding = 4; lastKnownFileType = sourcecode.c.objc; name = TimeCellTableViewCell.m; path = ../TimeCellTableViewCell.m; sourceTree = "<group>"; };
		276A2DFC1A7BFF5100BD7600 /* RegisterViewController.h */ = {isa = PBXFileReference; fileEncoding = 4; lastKnownFileType = sourcecode.c.h; path = RegisterViewController.h; sourceTree = "<group>"; };
		276A2DFD1A7BFF5200BD7600 /* RegisterViewController.m */ = {isa = PBXFileReference; fileEncoding = 4; lastKnownFileType = sourcecode.c.objc; path = RegisterViewController.m; sourceTree = "<group>"; };
		276A2DFF1A7BFF6300BD7600 /* LoginViewController.h */ = {isa = PBXFileReference; fileEncoding = 4; lastKnownFileType = sourcecode.c.h; path = LoginViewController.h; sourceTree = "<group>"; };
		276A2E001A7BFF6300BD7600 /* LoginViewController.m */ = {isa = PBXFileReference; fileEncoding = 4; lastKnownFileType = sourcecode.c.objc; path = LoginViewController.m; sourceTree = "<group>"; };
		279E2AB91A71A77F0080542E /* GameFinder.app */ = {isa = PBXFileReference; explicitFileType = wrapper.application; includeInIndex = 0; path = GameFinder.app; sourceTree = BUILT_PRODUCTS_DIR; };
		279E2ABD1A71A77F0080542E /* Info.plist */ = {isa = PBXFileReference; lastKnownFileType = text.plist.xml; path = Info.plist; sourceTree = "<group>"; };
		279E2ABE1A71A77F0080542E /* main.m */ = {isa = PBXFileReference; lastKnownFileType = sourcecode.c.objc; path = main.m; sourceTree = "<group>"; };
		279E2AC01A71A77F0080542E /* AppDelegate.h */ = {isa = PBXFileReference; lastKnownFileType = sourcecode.c.h; path = AppDelegate.h; sourceTree = "<group>"; };
		279E2AC11A71A77F0080542E /* AppDelegate.m */ = {isa = PBXFileReference; lastKnownFileType = sourcecode.c.objc; path = AppDelegate.m; sourceTree = "<group>"; };
		279E2AC31A71A77F0080542E /* ViewController.h */ = {isa = PBXFileReference; lastKnownFileType = sourcecode.c.h; path = ViewController.h; sourceTree = "<group>"; };
		279E2AC41A71A77F0080542E /* ViewController.m */ = {isa = PBXFileReference; lastKnownFileType = sourcecode.c.objc; path = ViewController.m; sourceTree = "<group>"; };
		279E2AC71A71A77F0080542E /* Base */ = {isa = PBXFileReference; lastKnownFileType = file.storyboard; name = Base; path = Base.lproj/Main.storyboard; sourceTree = "<group>"; };
		279E2AC91A71A77F0080542E /* Images.xcassets */ = {isa = PBXFileReference; lastKnownFileType = folder.assetcatalog; path = Images.xcassets; sourceTree = "<group>"; };
		279E2ACC1A71A77F0080542E /* Base */ = {isa = PBXFileReference; lastKnownFileType = file.xib; name = Base; path = Base.lproj/LaunchScreen.xib; sourceTree = "<group>"; };
		279E2AD21A71A7800080542E /* GameFinderTests.xctest */ = {isa = PBXFileReference; explicitFileType = wrapper.cfbundle; includeInIndex = 0; path = GameFinderTests.xctest; sourceTree = BUILT_PRODUCTS_DIR; };
		279E2AD71A71A7800080542E /* Info.plist */ = {isa = PBXFileReference; lastKnownFileType = text.plist.xml; path = Info.plist; sourceTree = "<group>"; };
		279E2AD81A71A7800080542E /* GameFinderTests.m */ = {isa = PBXFileReference; lastKnownFileType = sourcecode.c.objc; path = GameFinderTests.m; sourceTree = "<group>"; };
		279E2AE21A71AD310080542E /* globe.png */ = {isa = PBXFileReference; lastKnownFileType = image.png; path = globe.png; sourceTree = "<group>"; };
		279E2AE51A71B35E0080542E /* clock.png */ = {isa = PBXFileReference; lastKnownFileType = image.png; path = clock.png; sourceTree = "<group>"; };
		279E2AE71A71CAF60080542E /* basketball.png */ = {isa = PBXFileReference; lastKnownFileType = image.png; path = basketball.png; sourceTree = "<group>"; };
		27FC606F1A7B4073005AE24C /* Bolts.framework */ = {isa = PBXFileReference; lastKnownFileType = wrapper.framework; name = Bolts.framework; path = GameFinder/Bolts.framework; sourceTree = "<group>"; };
		27FC60711A7B4086005AE24C /* Parse.framework */ = {isa = PBXFileReference; lastKnownFileType = wrapper.framework; path = Parse.framework; sourceTree = "<group>"; };
		27FC60751A7B418A005AE24C /* AudioToolbox.framework */ = {isa = PBXFileReference; lastKnownFileType = wrapper.framework; name = AudioToolbox.framework; path = System/Library/Frameworks/AudioToolbox.framework; sourceTree = SDKROOT; };
		27FC60771A7B4192005AE24C /* CFNetwork.framework */ = {isa = PBXFileReference; lastKnownFileType = wrapper.framework; name = CFNetwork.framework; path = System/Library/Frameworks/CFNetwork.framework; sourceTree = SDKROOT; };
		27FC60791A7B419F005AE24C /* CoreGraphics.framework */ = {isa = PBXFileReference; lastKnownFileType = wrapper.framework; name = CoreGraphics.framework; path = System/Library/Frameworks/CoreGraphics.framework; sourceTree = SDKROOT; };
		27FC607B1A7B41A9005AE24C /* MobileCoreServices.framework */ = {isa = PBXFileReference; lastKnownFileType = wrapper.framework; name = MobileCoreServices.framework; path = System/Library/Frameworks/MobileCoreServices.framework; sourceTree = SDKROOT; };
		27FC607D1A7B41B1005AE24C /* QuartzCore.framework */ = {isa = PBXFileReference; lastKnownFileType = wrapper.framework; name = QuartzCore.framework; path = System/Library/Frameworks/QuartzCore.framework; sourceTree = SDKROOT; };
		27FC607F1A7B41BB005AE24C /* Security.framework */ = {isa = PBXFileReference; lastKnownFileType = wrapper.framework; name = Security.framework; path = System/Library/Frameworks/Security.framework; sourceTree = SDKROOT; };
		27FC60811A7B41C5005AE24C /* StoreKit.framework */ = {isa = PBXFileReference; lastKnownFileType = wrapper.framework; name = StoreKit.framework; path = System/Library/Frameworks/StoreKit.framework; sourceTree = SDKROOT; };
		27FC60831A7B41DB005AE24C /* SystemConfiguration.framework */ = {isa = PBXFileReference; lastKnownFileType = wrapper.framework; name = SystemConfiguration.framework; path = System/Library/Frameworks/SystemConfiguration.framework; sourceTree = SDKROOT; };
		27FC60851A7B41E7005AE24C /* libz.dylib */ = {isa = PBXFileReference; lastKnownFileType = "compiled.mach-o.dylib"; name = libz.dylib; path = usr/lib/libz.dylib; sourceTree = SDKROOT; };
		27FC60871A7B41F3005AE24C /* libsqlite3.dylib */ = {isa = PBXFileReference; lastKnownFileType = "compiled.mach-o.dylib"; name = libsqlite3.dylib; path = usr/lib/libsqlite3.dylib; sourceTree = SDKROOT; };
/* End PBXFileReference section */

/* Begin PBXFrameworksBuildPhase section */
		279E2AB61A71A77F0080542E /* Frameworks */ = {
			isa = PBXFrameworksBuildPhase;
			buildActionMask = 2147483647;
			files = (
				27FC60881A7B41F3005AE24C /* libsqlite3.dylib in Frameworks */,
				27FC60861A7B41E7005AE24C /* libz.dylib in Frameworks */,
				27FC60841A7B41DB005AE24C /* SystemConfiguration.framework in Frameworks */,
				27FC60821A7B41C5005AE24C /* StoreKit.framework in Frameworks */,
				27FC60801A7B41BB005AE24C /* Security.framework in Frameworks */,
				27FC607E1A7B41B1005AE24C /* QuartzCore.framework in Frameworks */,
				27FC607C1A7B41A9005AE24C /* MobileCoreServices.framework in Frameworks */,
				27FC607A1A7B419F005AE24C /* CoreGraphics.framework in Frameworks */,
				27FC60781A7B4192005AE24C /* CFNetwork.framework in Frameworks */,
				27FC60761A7B418A005AE24C /* AudioToolbox.framework in Frameworks */,
				27FC60701A7B4073005AE24C /* Bolts.framework in Frameworks */,
				270C5B211A746F150004A632 /* CoreLocation.framework in Frameworks */,
				27FC60721A7B4086005AE24C /* Parse.framework in Frameworks */,
				270C5B1F1A746F0A0004A632 /* MapKit.framework in Frameworks */,
			);
			runOnlyForDeploymentPostprocessing = 0;
		};
		279E2ACF1A71A7800080542E /* Frameworks */ = {
			isa = PBXFrameworksBuildPhase;
			buildActionMask = 2147483647;
			files = (
			);
			runOnlyForDeploymentPostprocessing = 0;
		};
/* End PBXFrameworksBuildPhase section */

/* Begin PBXGroup section */
		279E2AB01A71A77E0080542E = {
			isa = PBXGroup;
			children = (
				27FC60731A7B40AE005AE24C /* Frameworks */,
				279E2ABB1A71A77F0080542E /* GameFinder */,
				279E2AD51A71A7800080542E /* GameFinderTests */,
				279E2ABA1A71A77F0080542E /* Products */,
			);
			sourceTree = "<group>";
		};
		279E2ABA1A71A77F0080542E /* Products */ = {
			isa = PBXGroup;
			children = (
				279E2AB91A71A77F0080542E /* GameFinder.app */,
				279E2AD21A71A7800080542E /* GameFinderTests.xctest */,
			);
			name = Products;
			sourceTree = "<group>";
		};
		279E2ABB1A71A77F0080542E /* GameFinder */ = {
			isa = PBXGroup;
			children = (
				274713451A75CACF001EF18A /* MapViewAnnotation.m */,
				279E2AC01A71A77F0080542E /* AppDelegate.h */,
				279E2AC11A71A77F0080542E /* AppDelegate.m */,
				27FC60741A7B40C6005AE24C /* View Controllers */,
				279E2AC61A71A77F0080542E /* Main.storyboard */,
				279E2AC91A71A77F0080542E /* Images.xcassets */,
				279E2ACB1A71A77F0080542E /* LaunchScreen.xib */,
				279E2ABC1A71A77F0080542E /* Supporting Files */,
			);
			path = GameFinder;
			sourceTree = "<group>";
		};
		279E2ABC1A71A77F0080542E /* Supporting Files */ = {
			isa = PBXGroup;
			children = (
				275922681A87D8DA00B6E6A2 /* TimeCellTableViewCell.h */,
				275922691A87D8DA00B6E6A2 /* TimeCellTableViewCell.m */,
				270C5B221A746F930004A632 /* LocationManager.h */,
				270C5B231A746F930004A632 /* LocationManager.m */,
				274713441A75CACF001EF18A /* MapViewAnnotation.h */,
				279E2AE41A71AD380080542E /* images */,
				279E2ABD1A71A77F0080542E /* Info.plist */,
				279E2ABE1A71A77F0080542E /* main.m */,
			);
			name = "Supporting Files";
			sourceTree = "<group>";
		};
		279E2AD51A71A7800080542E /* GameFinderTests */ = {
			isa = PBXGroup;
			children = (
				279E2AD81A71A7800080542E /* GameFinderTests.m */,
				279E2AD61A71A7800080542E /* Supporting Files */,
			);
			path = GameFinderTests;
			sourceTree = "<group>";
		};
		279E2AD61A71A7800080542E /* Supporting Files */ = {
			isa = PBXGroup;
			children = (
				279E2AD71A71A7800080542E /* Info.plist */,
			);
			name = "Supporting Files";
			sourceTree = "<group>";
		};
		279E2AE41A71AD380080542E /* images */ = {
			isa = PBXGroup;
			children = (
				279E2AE51A71B35E0080542E /* clock.png */,
				279E2AE71A71CAF60080542E /* basketball.png */,
				279E2AE21A71AD310080542E /* globe.png */,
			);
			name = images;
			sourceTree = "<group>";
		};
		27FC60731A7B40AE005AE24C /* Frameworks */ = {
			isa = PBXGroup;
			children = (
				27FC60871A7B41F3005AE24C /* libsqlite3.dylib */,
				27FC60851A7B41E7005AE24C /* libz.dylib */,
				27FC60831A7B41DB005AE24C /* SystemConfiguration.framework */,
				27FC60811A7B41C5005AE24C /* StoreKit.framework */,
				27FC607F1A7B41BB005AE24C /* Security.framework */,
				27FC607D1A7B41B1005AE24C /* QuartzCore.framework */,
				27FC607B1A7B41A9005AE24C /* MobileCoreServices.framework */,
				27FC60791A7B419F005AE24C /* CoreGraphics.framework */,
				27FC60771A7B4192005AE24C /* CFNetwork.framework */,
				27FC60751A7B418A005AE24C /* AudioToolbox.framework */,
				27FC606F1A7B4073005AE24C /* Bolts.framework */,
				27FC60711A7B4086005AE24C /* Parse.framework */,
				270C5B201A746F150004A632 /* CoreLocation.framework */,
				270C5B1E1A746F0A0004A632 /* MapKit.framework */,
			);
			name = Frameworks;
			sourceTree = "<group>";
		};
		27FC60741A7B40C6005AE24C /* View Controllers */ = {
			isa = PBXGroup;
			children = (
				276A2DFF1A7BFF6300BD7600 /* LoginViewController.h */,
				276A2E001A7BFF6300BD7600 /* LoginViewController.m */,
				276A2DFC1A7BFF5100BD7600 /* RegisterViewController.h */,
				276A2DFD1A7BFF5200BD7600 /* RegisterViewController.m */,
				279E2AC31A71A77F0080542E /* ViewController.h */,
				279E2AC41A71A77F0080542E /* ViewController.m */,
				270C5B251A746FB60004A632 /* FindGamesByLocationViewController.h */,
				270C5B261A746FB60004A632 /* FindGamesByLocationViewController.m */,
				274A66FA1A7ABEDB00B712FF /* FindGamesByTimeTableViewController.h */,
				274A66FB1A7ABEDB00B712FF /* FindGamesByTimeTableViewController.m */,
				274A66FD1A7ABEF000B712FF /* FindGamesBySkillTableViewController.h */,
				274A66FE1A7ABEF000B712FF /* FindGamesBySkillTableViewController.m */,
			);
			name = "View Controllers";
			sourceTree = "<group>";
		};
/* End PBXGroup section */

/* Begin PBXNativeTarget section */
		279E2AB81A71A77F0080542E /* GameFinder */ = {
			isa = PBXNativeTarget;
			buildConfigurationList = 279E2ADC1A71A7800080542E /* Build configuration list for PBXNativeTarget "GameFinder" */;
			buildPhases = (
				279E2AB51A71A77F0080542E /* Sources */,
				279E2AB61A71A77F0080542E /* Frameworks */,
				279E2AB71A71A77F0080542E /* Resources */,
			);
			buildRules = (
			);
			dependencies = (
			);
			name = GameFinder;
			productName = GameFinder;
			productReference = 279E2AB91A71A77F0080542E /* GameFinder.app */;
			productType = "com.apple.product-type.application";
		};
		279E2AD11A71A7800080542E /* GameFinderTests */ = {
			isa = PBXNativeTarget;
			buildConfigurationList = 279E2ADF1A71A7800080542E /* Build configuration list for PBXNativeTarget "GameFinderTests" */;
			buildPhases = (
				279E2ACE1A71A7800080542E /* Sources */,
				279E2ACF1A71A7800080542E /* Frameworks */,
				279E2AD01A71A7800080542E /* Resources */,
			);
			buildRules = (
			);
			dependencies = (
				279E2AD41A71A7800080542E /* PBXTargetDependency */,
			);
			name = GameFinderTests;
			productName = GameFinderTests;
			productReference = 279E2AD21A71A7800080542E /* GameFinderTests.xctest */;
			productType = "com.apple.product-type.bundle.unit-test";
		};
/* End PBXNativeTarget section */

/* Begin PBXProject section */
		279E2AB11A71A77F0080542E /* Project object */ = {
			isa = PBXProject;
			attributes = {
				LastUpgradeCheck = 0610;
				ORGANIZATIONNAME = "Nick Reeder";
				TargetAttributes = {
					279E2AB81A71A77F0080542E = {
						CreatedOnToolsVersion = 6.1.1;
					};
					279E2AD11A71A7800080542E = {
						CreatedOnToolsVersion = 6.1.1;
						TestTargetID = 279E2AB81A71A77F0080542E;
					};
				};
			};
			buildConfigurationList = 279E2AB41A71A77F0080542E /* Build configuration list for PBXProject "GameFinder" */;
			compatibilityVersion = "Xcode 3.2";
			developmentRegion = English;
			hasScannedForEncodings = 0;
			knownRegions = (
				en,
				Base,
			);
			mainGroup = 279E2AB01A71A77E0080542E;
			productRefGroup = 279E2ABA1A71A77F0080542E /* Products */;
			projectDirPath = "";
			projectRoot = "";
			targets = (
				279E2AB81A71A77F0080542E /* GameFinder */,
				279E2AD11A71A7800080542E /* GameFinderTests */,
			);
		};
/* End PBXProject section */

/* Begin PBXResourcesBuildPhase section */
		279E2AB71A71A77F0080542E /* Resources */ = {
			isa = PBXResourcesBuildPhase;
			buildActionMask = 2147483647;
			files = (
				279E2AC81A71A77F0080542E /* Main.storyboard in Resources */,
				279E2AE61A71B35E0080542E /* clock.png in Resources */,
				279E2AE31A71AD310080542E /* globe.png in Resources */,
				279E2ACD1A71A77F0080542E /* LaunchScreen.xib in Resources */,
				279E2AE81A71CAF60080542E /* basketball.png in Resources */,
				279E2ACA1A71A77F0080542E /* Images.xcassets in Resources */,
			);
			runOnlyForDeploymentPostprocessing = 0;
		};
		279E2AD01A71A7800080542E /* Resources */ = {
			isa = PBXResourcesBuildPhase;
			buildActionMask = 2147483647;
			files = (
			);
			runOnlyForDeploymentPostprocessing = 0;
		};
/* End PBXResourcesBuildPhase section */

/* Begin PBXSourcesBuildPhase section */
		279E2AB51A71A77F0080542E /* Sources */ = {
			isa = PBXSourcesBuildPhase;
			buildActionMask = 2147483647;
			files = (
				274713461A75CACF001EF18A /* MapViewAnnotation.m in Sources */,
				274A66FC1A7ABEDB00B712FF /* FindGamesByTimeTableViewController.m in Sources */,
				2759226A1A87D8DA00B6E6A2 /* TimeCellTableViewCell.m in Sources */,
				270C5B241A746F930004A632 /* LocationManager.m in Sources */,
				270C5B271A746FB60004A632 /* FindGamesByLocationViewController.m in Sources */,
				276A2E011A7BFF6300BD7600 /* LoginViewController.m in Sources */,
				276A2DFE1A7BFF5200BD7600 /* RegisterViewController.m in Sources */,
				279E2AC51A71A77F0080542E /* ViewController.m in Sources */,
				279E2AC21A71A77F0080542E /* AppDelegate.m in Sources */,
				279E2ABF1A71A77F0080542E /* main.m in Sources */,
				274A66FF1A7ABEF000B712FF /* FindGamesBySkillTableViewController.m in Sources */,
			);
			runOnlyForDeploymentPostprocessing = 0;
		};
		279E2ACE1A71A7800080542E /* Sources */ = {
			isa = PBXSourcesBuildPhase;
			buildActionMask = 2147483647;
			files = (
				279E2AD91A71A7800080542E /* GameFinderTests.m in Sources */,
			);
			runOnlyForDeploymentPostprocessing = 0;
		};
/* End PBXSourcesBuildPhase section */

/* Begin PBXTargetDependency section */
		279E2AD41A71A7800080542E /* PBXTargetDependency */ = {
			isa = PBXTargetDependency;
			target = 279E2AB81A71A77F0080542E /* GameFinder */;
			targetProxy = 279E2AD31A71A7800080542E /* PBXContainerItemProxy */;
		};
/* End PBXTargetDependency section */

/* Begin PBXVariantGroup section */
		279E2AC61A71A77F0080542E /* Main.storyboard */ = {
			isa = PBXVariantGroup;
			children = (
				279E2AC71A71A77F0080542E /* Base */,
			);
			name = Main.storyboard;
			sourceTree = "<group>";
		};
		279E2ACB1A71A77F0080542E /* LaunchScreen.xib */ = {
			isa = PBXVariantGroup;
			children = (
				279E2ACC1A71A77F0080542E /* Base */,
			);
			name = LaunchScreen.xib;
			sourceTree = "<group>";
		};
/* End PBXVariantGroup section */

/* Begin XCBuildConfiguration section */
		279E2ADA1A71A7800080542E /* Debug */ = {
			isa = XCBuildConfiguration;
			buildSettings = {
				ALWAYS_SEARCH_USER_PATHS = NO;
				CLANG_CXX_LANGUAGE_STANDARD = "gnu++0x";
				CLANG_CXX_LIBRARY = "libc++";
				CLANG_ENABLE_MODULES = YES;
				CLANG_ENABLE_OBJC_ARC = YES;
				CLANG_WARN_BOOL_CONVERSION = YES;
				CLANG_WARN_CONSTANT_CONVERSION = YES;
				CLANG_WARN_DIRECT_OBJC_ISA_USAGE = YES_ERROR;
				CLANG_WARN_EMPTY_BODY = YES;
				CLANG_WARN_ENUM_CONVERSION = YES;
				CLANG_WARN_INT_CONVERSION = YES;
				CLANG_WARN_OBJC_ROOT_CLASS = YES_ERROR;
				CLANG_WARN_UNREACHABLE_CODE = YES;
				CLANG_WARN__DUPLICATE_METHOD_MATCH = YES;
				"CODE_SIGN_IDENTITY[sdk=iphoneos*]" = "iPhone Developer";
				COPY_PHASE_STRIP = NO;
				ENABLE_STRICT_OBJC_MSGSEND = YES;
				GCC_C_LANGUAGE_STANDARD = gnu99;
				GCC_DYNAMIC_NO_PIC = NO;
				GCC_OPTIMIZATION_LEVEL = 0;
				GCC_PREPROCESSOR_DEFINITIONS = (
					"DEBUG=1",
					"$(inherited)",
				);
				GCC_SYMBOLS_PRIVATE_EXTERN = NO;
				GCC_WARN_64_TO_32_BIT_CONVERSION = YES;
				GCC_WARN_ABOUT_RETURN_TYPE = YES_ERROR;
				GCC_WARN_UNDECLARED_SELECTOR = YES;
				GCC_WARN_UNINITIALIZED_AUTOS = YES_AGGRESSIVE;
				GCC_WARN_UNUSED_FUNCTION = YES;
				GCC_WARN_UNUSED_VARIABLE = YES;
				IPHONEOS_DEPLOYMENT_TARGET = 8.1;
				MTL_ENABLE_DEBUG_INFO = YES;
				ONLY_ACTIVE_ARCH = YES;
				SDKROOT = iphoneos;
			};
			name = Debug;
		};
		279E2ADB1A71A7800080542E /* Release */ = {
			isa = XCBuildConfiguration;
			buildSettings = {
				ALWAYS_SEARCH_USER_PATHS = NO;
				CLANG_CXX_LANGUAGE_STANDARD = "gnu++0x";
				CLANG_CXX_LIBRARY = "libc++";
				CLANG_ENABLE_MODULES = YES;
				CLANG_ENABLE_OBJC_ARC = YES;
				CLANG_WARN_BOOL_CONVERSION = YES;
				CLANG_WARN_CONSTANT_CONVERSION = YES;
				CLANG_WARN_DIRECT_OBJC_ISA_USAGE = YES_ERROR;
				CLANG_WARN_EMPTY_BODY = YES;
				CLANG_WARN_ENUM_CONVERSION = YES;
				CLANG_WARN_INT_CONVERSION = YES;
				CLANG_WARN_OBJC_ROOT_CLASS = YES_ERROR;
				CLANG_WARN_UNREACHABLE_CODE = YES;
				CLANG_WARN__DUPLICATE_METHOD_MATCH = YES;
				"CODE_SIGN_IDENTITY[sdk=iphoneos*]" = "iPhone Developer";
				COPY_PHASE_STRIP = YES;
				ENABLE_NS_ASSERTIONS = NO;
				ENABLE_STRICT_OBJC_MSGSEND = YES;
				GCC_C_LANGUAGE_STANDARD = gnu99;
				GCC_WARN_64_TO_32_BIT_CONVERSION = YES;
				GCC_WARN_ABOUT_RETURN_TYPE = YES_ERROR;
				GCC_WARN_UNDECLARED_SELECTOR = YES;
				GCC_WARN_UNINITIALIZED_AUTOS = YES_AGGRESSIVE;
				GCC_WARN_UNUSED_FUNCTION = YES;
				GCC_WARN_UNUSED_VARIABLE = YES;
				IPHONEOS_DEPLOYMENT_TARGET = 8.1;
				MTL_ENABLE_DEBUG_INFO = NO;
				SDKROOT = iphoneos;
				VALIDATE_PRODUCT = YES;
			};
			name = Release;
		};
		279E2ADD1A71A7800080542E /* Debug */ = {
			isa = XCBuildConfiguration;
			buildSettings = {
				ASSETCATALOG_COMPILER_APPICON_NAME = AppIcon;
				FRAMEWORK_SEARCH_PATHS = (
					"$(inherited)",
					"$(PROJECT_DIR)/GameFinder",
					"$(PROJECT_DIR)",
				);
				INFOPLIST_FILE = GameFinder/Info.plist;
				LD_RUNPATH_SEARCH_PATHS = "$(inherited) @executable_path/Frameworks";
				PRODUCT_NAME = "$(TARGET_NAME)";
			};
			name = Debug;
		};
		279E2ADE1A71A7800080542E /* Release */ = {
			isa = XCBuildConfiguration;
			buildSettings = {
				ASSETCATALOG_COMPILER_APPICON_NAME = AppIcon;
				FRAMEWORK_SEARCH_PATHS = (
					"$(inherited)",
					"$(PROJECT_DIR)/GameFinder",
					"$(PROJECT_DIR)",
				);
				INFOPLIST_FILE = GameFinder/Info.plist;
				LD_RUNPATH_SEARCH_PATHS = "$(inherited) @executable_path/Frameworks";
				PRODUCT_NAME = "$(TARGET_NAME)";
			};
			name = Release;
		};
		279E2AE01A71A7800080542E /* Debug */ = {
			isa = XCBuildConfiguration;
			buildSettings = {
				BUNDLE_LOADER = "$(TEST_HOST)";
				FRAMEWORK_SEARCH_PATHS = (
					"$(SDKROOT)/Developer/Library/Frameworks",
					"$(inherited)",
				);
				GCC_PREPROCESSOR_DEFINITIONS = (
					"DEBUG=1",
					"$(inherited)",
				);
				INFOPLIST_FILE = GameFinderTests/Info.plist;
				LD_RUNPATH_SEARCH_PATHS = "$(inherited) @executable_path/Frameworks @loader_path/Frameworks";
				PRODUCT_NAME = "$(TARGET_NAME)";
				TEST_HOST = "$(BUILT_PRODUCTS_DIR)/GameFinder.app/GameFinder";
			};
			name = Debug;
		};
		279E2AE11A71A7800080542E /* Release */ = {
			isa = XCBuildConfiguration;
			buildSettings = {
				BUNDLE_LOADER = "$(TEST_HOST)";
				FRAMEWORK_SEARCH_PATHS = (
					"$(SDKROOT)/Developer/Library/Frameworks",
					"$(inherited)",
				);
				INFOPLIST_FILE = GameFinderTests/Info.plist;
				LD_RUNPATH_SEARCH_PATHS = "$(inherited) @executable_path/Frameworks @loader_path/Frameworks";
				PRODUCT_NAME = "$(TARGET_NAME)";
				TEST_HOST = "$(BUILT_PRODUCTS_DIR)/GameFinder.app/GameFinder";
			};
			name = Release;
		};
/* End XCBuildConfiguration section */

/* Begin XCConfigurationList section */
		279E2AB41A71A77F0080542E /* Build configuration list for PBXProject "GameFinder" */ = {
			isa = XCConfigurationList;
			buildConfigurations = (
				279E2ADA1A71A7800080542E /* Debug */,
				279E2ADB1A71A7800080542E /* Release */,
			);
			defaultConfigurationIsVisible = 0;
			defaultConfigurationName = Release;
		};
		279E2ADC1A71A7800080542E /* Build configuration list for PBXNativeTarget "GameFinder" */ = {
			isa = XCConfigurationList;
			buildConfigurations = (
				279E2ADD1A71A7800080542E /* Debug */,
				279E2ADE1A71A7800080542E /* Release */,
			);
			defaultConfigurationIsVisible = 0;
			defaultConfigurationName = Release;
		};
		279E2ADF1A71A7800080542E /* Build configuration list for PBXNativeTarget "GameFinderTests" */ = {
			isa = XCConfigurationList;
			buildConfigurations = (
				279E2AE01A71A7800080542E /* Debug */,
				279E2AE11A71A7800080542E /* Release */,
			);
			defaultConfigurationIsVisible = 0;
			defaultConfigurationName = Release;
		};
/* End XCConfigurationList section */
	};
	rootObject = 279E2AB11A71A77F0080542E /* Project object */;
}
