// !$*UTF8*$!
{
	archiveVersion = 1;
	classes = {
	};
	objectVersion = 46;
	objects = {

/* Begin PBXBuildFile section */
		27017AAA1ADF2EF200A9DF5F /* MKAnnotationView+WebCache.m in Sources */ = {isa = PBXBuildFile; fileRef = 27017A8A1ADF2EF200A9DF5F /* MKAnnotationView+WebCache.m */; };
		27017AAB1ADF2EF200A9DF5F /* NSData+ImageContentType.m in Sources */ = {isa = PBXBuildFile; fileRef = 27017A8C1ADF2EF200A9DF5F /* NSData+ImageContentType.m */; };
		27017AAC1ADF2EF200A9DF5F /* SDImageCache.m in Sources */ = {isa = PBXBuildFile; fileRef = 27017A8E1ADF2EF200A9DF5F /* SDImageCache.m */; };
		27017AAD1ADF2EF200A9DF5F /* SDWebImageCompat.m in Sources */ = {isa = PBXBuildFile; fileRef = 27017A901ADF2EF200A9DF5F /* SDWebImageCompat.m */; };
		27017AAE1ADF2EF200A9DF5F /* SDWebImageDecoder.m in Sources */ = {isa = PBXBuildFile; fileRef = 27017A921ADF2EF200A9DF5F /* SDWebImageDecoder.m */; };
		27017AAF1ADF2EF200A9DF5F /* SDWebImageDownloader.m in Sources */ = {isa = PBXBuildFile; fileRef = 27017A941ADF2EF200A9DF5F /* SDWebImageDownloader.m */; };
		27017AB01ADF2EF200A9DF5F /* SDWebImageDownloaderOperation.m in Sources */ = {isa = PBXBuildFile; fileRef = 27017A961ADF2EF200A9DF5F /* SDWebImageDownloaderOperation.m */; };
		27017AB11ADF2EF200A9DF5F /* SDWebImageManager.m in Sources */ = {isa = PBXBuildFile; fileRef = 27017A981ADF2EF200A9DF5F /* SDWebImageManager.m */; };
		27017AB21ADF2EF200A9DF5F /* SDWebImagePrefetcher.m in Sources */ = {isa = PBXBuildFile; fileRef = 27017A9B1ADF2EF200A9DF5F /* SDWebImagePrefetcher.m */; };
		27017AB31ADF2EF200A9DF5F /* UIButton+WebCache.m in Sources */ = {isa = PBXBuildFile; fileRef = 27017A9D1ADF2EF200A9DF5F /* UIButton+WebCache.m */; };
		27017AB41ADF2EF200A9DF5F /* UIImage+GIF.m in Sources */ = {isa = PBXBuildFile; fileRef = 27017A9F1ADF2EF200A9DF5F /* UIImage+GIF.m */; };
		27017AB51ADF2EF200A9DF5F /* UIImage+MultiFormat.m in Sources */ = {isa = PBXBuildFile; fileRef = 27017AA11ADF2EF200A9DF5F /* UIImage+MultiFormat.m */; };
		27017AB61ADF2EF200A9DF5F /* UIImage+WebP.m in Sources */ = {isa = PBXBuildFile; fileRef = 27017AA31ADF2EF200A9DF5F /* UIImage+WebP.m */; };
		27017AB71ADF2EF200A9DF5F /* UIImageView+HighlightedWebCache.m in Sources */ = {isa = PBXBuildFile; fileRef = 27017AA51ADF2EF200A9DF5F /* UIImageView+HighlightedWebCache.m */; };
		27017AB81ADF2EF200A9DF5F /* UIImageView+WebCache.m in Sources */ = {isa = PBXBuildFile; fileRef = 27017AA71ADF2EF200A9DF5F /* UIImageView+WebCache.m */; };
		27017AB91ADF2EF200A9DF5F /* UIView+WebCacheOperation.m in Sources */ = {isa = PBXBuildFile; fileRef = 27017AA91ADF2EF200A9DF5F /* UIView+WebCacheOperation.m */; };
		27017ABB1ADF451800A9DF5F /* ImageIO.framework in Frameworks */ = {isa = PBXBuildFile; fileRef = 27017ABA1ADF451800A9DF5F /* ImageIO.framework */; };
		27027DF91AAF8D3F002AE723 /* swish.mp3 in Resources */ = {isa = PBXBuildFile; fileRef = 27027DF81AAF8D3F002AE723 /* swish.mp3 */; };
		27030C411AE8DD260005A1A0 /* LoadingViewController.m in Sources */ = {isa = PBXBuildFile; fileRef = 27030C401AE8DD260005A1A0 /* LoadingViewController.m */; };
		27048D101A8F615D004E84B5 /* CustomTableViewCell.m in Sources */ = {isa = PBXBuildFile; fileRef = 27048D0F1A8F615D004E84B5 /* CustomTableViewCell.m */; };
		27048D1C1A9223A6004E84B5 /* SVProgressHUD.bundle in Resources */ = {isa = PBXBuildFile; fileRef = 27048D181A9223A6004E84B5 /* SVProgressHUD.bundle */; };
		270495051A9FEA33000D163E /* LocationManager.m in Sources */ = {isa = PBXBuildFile; fileRef = 270495041A9FEA33000D163E /* LocationManager.m */; };
		270C5B1F1A746F0A0004A632 /* MapKit.framework in Frameworks */ = {isa = PBXBuildFile; fileRef = 270C5B1E1A746F0A0004A632 /* MapKit.framework */; };
		270C5B211A746F150004A632 /* CoreLocation.framework in Frameworks */ = {isa = PBXBuildFile; fileRef = 270C5B201A746F150004A632 /* CoreLocation.framework */; };
		271632B81AE5408D0060BBC9 /* signUpViewController.m in Sources */ = {isa = PBXBuildFile; fileRef = 271632B71AE5408D0060BBC9 /* signUpViewController.m */; };
		271BBE611ACD2D6600BEC46C /* SVProgressHUD.m in Sources */ = {isa = PBXBuildFile; fileRef = 27048D1A1A9223A6004E84B5 /* SVProgressHUD.m */; };
		271BBE621ACD2D6900BEC46C /* SVIndefiniteAnimatedView.m in Sources */ = {isa = PBXBuildFile; fileRef = 27048D161A9223A6004E84B5 /* SVIndefiniteAnimatedView.m */; };
		271CBC9F1B883B9E00D3FEC9 /* CustomCollectionViewLayout.m in Sources */ = {isa = PBXBuildFile; fileRef = 271CBC9E1B883B9E00D3FEC9 /* CustomCollectionViewLayout.m */; };
		271DAFD31AB6AAD90007BFF8 /* libstdc++.6.dylib in Frameworks */ = {isa = PBXBuildFile; fileRef = 271DAFCF1AB6A7B00007BFF8 /* libstdc++.6.dylib */; };
		2744255E1AD5F0BB00FF187E /* Bolts.framework in Frameworks */ = {isa = PBXBuildFile; fileRef = 2744255D1AD5F0BB00FF187E /* Bolts.framework */; };
		274425601AD5F0C500FF187E /* Parse.framework in Frameworks */ = {isa = PBXBuildFile; fileRef = 2744255F1AD5F0C500FF187E /* Parse.framework */; };
		274425621AD605F900FF187E /* ParseFacebookUtilsV4.framework in Frameworks */ = {isa = PBXBuildFile; fileRef = 274425611AD605F800FF187E /* ParseFacebookUtilsV4.framework */; };
		274425641AD624FF00FF187E /* FBSDKCoreKit.framework in Frameworks */ = {isa = PBXBuildFile; fileRef = 274425631AD624FF00FF187E /* FBSDKCoreKit.framework */; };
		274425661AD6254400FF187E /* FBSDKLoginKit.framework in Frameworks */ = {isa = PBXBuildFile; fileRef = 274425651AD6254400FF187E /* FBSDKLoginKit.framework */; };
		274B49E51B7357EF0037BF5A /* ScheduledGamesTableViewCell.m in Sources */ = {isa = PBXBuildFile; fileRef = 274B49E41B7357EF0037BF5A /* ScheduledGamesTableViewCell.m */; };
		274B49E81B7371CC0037BF5A /* UserDetailViewController.m in Sources */ = {isa = PBXBuildFile; fileRef = 274B49E71B7371CC0037BF5A /* UserDetailViewController.m */; };
		275F1BC11AE7766800815B69 /* ProfileTableViewController.m in Sources */ = {isa = PBXBuildFile; fileRef = 275F1BC01AE7766800815B69 /* ProfileTableViewController.m */; };
		27618D1D1B655FA800ED4931 /* AddLocationTableViewController.m in Sources */ = {isa = PBXBuildFile; fileRef = 27618D1C1B655FA800ED4931 /* AddLocationTableViewController.m */; };
		27618D201B669D3200ED4931 /* GameLocationTableViewController.m in Sources */ = {isa = PBXBuildFile; fileRef = 27618D1F1B669D3200ED4931 /* GameLocationTableViewController.m */; };
		27618D231B66ABF100ED4931 /* GameLocationTableViewCell.m in Sources */ = {isa = PBXBuildFile; fileRef = 27618D221B66ABF100ED4931 /* GameLocationTableViewCell.m */; };
		276A2E011A7BFF6300BD7600 /* LoginViewController.m in Sources */ = {isa = PBXBuildFile; fileRef = 276A2E001A7BFF6300BD7600 /* LoginViewController.m */; };
		2770EBE71B66EAAD00CE3F1D /* AddLocationViewController.m in Sources */ = {isa = PBXBuildFile; fileRef = 2770EBE61B66EAAD00CE3F1D /* AddLocationViewController.m */; };
		27710DC31B79BEF90003E621 /* EditLocationViewController.m in Sources */ = {isa = PBXBuildFile; fileRef = 27710DC21B79BEF90003E621 /* EditLocationViewController.m */; };
		27710DC61B7C7A960003E621 /* IconExplanaionViewController.m in Sources */ = {isa = PBXBuildFile; fileRef = 27710DC51B7C7A960003E621 /* IconExplanaionViewController.m */; };
		277A3EAA1A8CC779000C17ED /* PlaceDetailViewController.m in Sources */ = {isa = PBXBuildFile; fileRef = 277A3EA91A8CC779000C17ED /* PlaceDetailViewController.m */; };
		278A64501B7FCACF002F4A26 /* SearchResultsTableViewController.m in Sources */ = {isa = PBXBuildFile; fileRef = 278A644F1B7FCACF002F4A26 /* SearchResultsTableViewController.m */; };
		278A64531B7FCB22002F4A26 /* LocationSearchResultsTableViewCell.m in Sources */ = {isa = PBXBuildFile; fileRef = 278A64521B7FCB22002F4A26 /* LocationSearchResultsTableViewCell.m */; };
		278B82A21B82FB0500C7C546 /* PlacePictureCustomCollectionViewCell.m in Sources */ = {isa = PBXBuildFile; fileRef = 278B82A11B82FB0500C7C546 /* PlacePictureCustomCollectionViewCell.m */; };
		279E2ABF1A71A77F0080542E /* main.m in Sources */ = {isa = PBXBuildFile; fileRef = 279E2ABE1A71A77F0080542E /* main.m */; };
		279E2AC21A71A77F0080542E /* AppDelegate.m in Sources */ = {isa = PBXBuildFile; fileRef = 279E2AC11A71A77F0080542E /* AppDelegate.m */; };
		279E2AC81A71A77F0080542E /* Main.storyboard in Resources */ = {isa = PBXBuildFile; fileRef = 279E2AC61A71A77F0080542E /* Main.storyboard */; };
		279E2ACA1A71A77F0080542E /* Images.xcassets in Resources */ = {isa = PBXBuildFile; fileRef = 279E2AC91A71A77F0080542E /* Images.xcassets */; };
		279E2ACD1A71A77F0080542E /* LaunchScreen.xib in Resources */ = {isa = PBXBuildFile; fileRef = 279E2ACB1A71A77F0080542E /* LaunchScreen.xib */; };
		279E2AD91A71A7800080542E /* GameFinderTests.m in Sources */ = {isa = PBXBuildFile; fileRef = 279E2AD81A71A7800080542E /* GameFinderTests.m */; };
		27C0E3261B72923C00A6D084 /* PlaceDetailCollectionViewCell.m in Sources */ = {isa = PBXBuildFile; fileRef = 27C0E3251B72923C00A6D084 /* PlaceDetailCollectionViewCell.m */; };
		27C0E3291B729C3400A6D084 /* PlayersHeaderCollectionReusableView.m in Sources */ = {isa = PBXBuildFile; fileRef = 27C0E3281B729C3400A6D084 /* PlayersHeaderCollectionReusableView.m */; };
		27D1885A1A95C99900410B32 /* GamePointAnnotation.m in Sources */ = {isa = PBXBuildFile; fileRef = 27D188591A95C99900410B32 /* GamePointAnnotation.m */; };
		27E395101AE18EA8000E82FA /* Crashlytics.framework in Frameworks */ = {isa = PBXBuildFile; fileRef = 27E3950E1AE18EA8000E82FA /* Crashlytics.framework */; };
		27E395111AE18EA8000E82FA /* Fabric.framework in Frameworks */ = {isa = PBXBuildFile; fileRef = 27E3950F1AE18EA8000E82FA /* Fabric.framework */; };
		27E395141AE18FD3000E82FA /* TwitterKit.framework in Frameworks */ = {isa = PBXBuildFile; fileRef = 27E395121AE18FD3000E82FA /* TwitterKit.framework */; };
		27E395151AE18FD3000E82FA /* TwitterKitResources.bundle in Resources */ = {isa = PBXBuildFile; fileRef = 27E395131AE18FD3000E82FA /* TwitterKitResources.bundle */; };
		27FC60761A7B418A005AE24C /* AudioToolbox.framework in Frameworks */ = {isa = PBXBuildFile; fileRef = 27FC60751A7B418A005AE24C /* AudioToolbox.framework */; };
		27FC60781A7B4192005AE24C /* CFNetwork.framework in Frameworks */ = {isa = PBXBuildFile; fileRef = 27FC60771A7B4192005AE24C /* CFNetwork.framework */; };
		27FC607A1A7B419F005AE24C /* CoreGraphics.framework in Frameworks */ = {isa = PBXBuildFile; fileRef = 27FC60791A7B419F005AE24C /* CoreGraphics.framework */; };
		27FC607C1A7B41A9005AE24C /* MobileCoreServices.framework in Frameworks */ = {isa = PBXBuildFile; fileRef = 27FC607B1A7B41A9005AE24C /* MobileCoreServices.framework */; };
		27FC607E1A7B41B1005AE24C /* QuartzCore.framework in Frameworks */ = {isa = PBXBuildFile; fileRef = 27FC607D1A7B41B1005AE24C /* QuartzCore.framework */; };
		27FC60801A7B41BB005AE24C /* Security.framework in Frameworks */ = {isa = PBXBuildFile; fileRef = 27FC607F1A7B41BB005AE24C /* Security.framework */; };
		27FC60841A7B41DB005AE24C /* SystemConfiguration.framework in Frameworks */ = {isa = PBXBuildFile; fileRef = 27FC60831A7B41DB005AE24C /* SystemConfiguration.framework */; };
		27FC60861A7B41E7005AE24C /* libz.dylib in Frameworks */ = {isa = PBXBuildFile; fileRef = 27FC60851A7B41E7005AE24C /* libz.dylib */; };
		27FC60881A7B41F3005AE24C /* libsqlite3.dylib in Frameworks */ = {isa = PBXBuildFile; fileRef = 27FC60871A7B41F3005AE24C /* libsqlite3.dylib */; };
/* End PBXBuildFile section */

/* Begin PBXContainerItemProxy section */
		279E2AD31A71A7800080542E /* PBXContainerItemProxy */ = {
			isa = PBXContainerItemProxy;
			containerPortal = 279E2AB11A71A77F0080542E /* Project object */;
			proxyType = 1;
			remoteGlobalIDString = 279E2AB81A71A77F0080542E;
			remoteInfo = GameFinder;
		};
/* End PBXContainerItemProxy section */

/* Begin PBXFileReference section */
		27017A891ADF2EF200A9DF5F /* MKAnnotationView+WebCache.h */ = {isa = PBXFileReference; fileEncoding = 4; lastKnownFileType = sourcecode.c.h; path = "MKAnnotationView+WebCache.h"; sourceTree = "<group>"; };
		27017A8A1ADF2EF200A9DF5F /* MKAnnotationView+WebCache.m */ = {isa = PBXFileReference; fileEncoding = 4; lastKnownFileType = sourcecode.c.objc; path = "MKAnnotationView+WebCache.m"; sourceTree = "<group>"; };
		27017A8B1ADF2EF200A9DF5F /* NSData+ImageContentType.h */ = {isa = PBXFileReference; fileEncoding = 4; lastKnownFileType = sourcecode.c.h; path = "NSData+ImageContentType.h"; sourceTree = "<group>"; };
		27017A8C1ADF2EF200A9DF5F /* NSData+ImageContentType.m */ = {isa = PBXFileReference; fileEncoding = 4; lastKnownFileType = sourcecode.c.objc; path = "NSData+ImageContentType.m"; sourceTree = "<group>"; };
		27017A8D1ADF2EF200A9DF5F /* SDImageCache.h */ = {isa = PBXFileReference; fileEncoding = 4; lastKnownFileType = sourcecode.c.h; path = SDImageCache.h; sourceTree = "<group>"; };
		27017A8E1ADF2EF200A9DF5F /* SDImageCache.m */ = {isa = PBXFileReference; fileEncoding = 4; lastKnownFileType = sourcecode.c.objc; path = SDImageCache.m; sourceTree = "<group>"; };
		27017A8F1ADF2EF200A9DF5F /* SDWebImageCompat.h */ = {isa = PBXFileReference; fileEncoding = 4; lastKnownFileType = sourcecode.c.h; path = SDWebImageCompat.h; sourceTree = "<group>"; };
		27017A901ADF2EF200A9DF5F /* SDWebImageCompat.m */ = {isa = PBXFileReference; fileEncoding = 4; lastKnownFileType = sourcecode.c.objc; path = SDWebImageCompat.m; sourceTree = "<group>"; };
		27017A911ADF2EF200A9DF5F /* SDWebImageDecoder.h */ = {isa = PBXFileReference; fileEncoding = 4; lastKnownFileType = sourcecode.c.h; path = SDWebImageDecoder.h; sourceTree = "<group>"; };
		27017A921ADF2EF200A9DF5F /* SDWebImageDecoder.m */ = {isa = PBXFileReference; fileEncoding = 4; lastKnownFileType = sourcecode.c.objc; path = SDWebImageDecoder.m; sourceTree = "<group>"; };
		27017A931ADF2EF200A9DF5F /* SDWebImageDownloader.h */ = {isa = PBXFileReference; fileEncoding = 4; lastKnownFileType = sourcecode.c.h; path = SDWebImageDownloader.h; sourceTree = "<group>"; };
		27017A941ADF2EF200A9DF5F /* SDWebImageDownloader.m */ = {isa = PBXFileReference; fileEncoding = 4; lastKnownFileType = sourcecode.c.objc; path = SDWebImageDownloader.m; sourceTree = "<group>"; };
		27017A951ADF2EF200A9DF5F /* SDWebImageDownloaderOperation.h */ = {isa = PBXFileReference; fileEncoding = 4; lastKnownFileType = sourcecode.c.h; path = SDWebImageDownloaderOperation.h; sourceTree = "<group>"; };
		27017A961ADF2EF200A9DF5F /* SDWebImageDownloaderOperation.m */ = {isa = PBXFileReference; fileEncoding = 4; lastKnownFileType = sourcecode.c.objc; path = SDWebImageDownloaderOperation.m; sourceTree = "<group>"; };
		27017A971ADF2EF200A9DF5F /* SDWebImageManager.h */ = {isa = PBXFileReference; fileEncoding = 4; lastKnownFileType = sourcecode.c.h; path = SDWebImageManager.h; sourceTree = "<group>"; };
		27017A981ADF2EF200A9DF5F /* SDWebImageManager.m */ = {isa = PBXFileReference; fileEncoding = 4; lastKnownFileType = sourcecode.c.objc; path = SDWebImageManager.m; sourceTree = "<group>"; };
		27017A991ADF2EF200A9DF5F /* SDWebImageOperation.h */ = {isa = PBXFileReference; fileEncoding = 4; lastKnownFileType = sourcecode.c.h; path = SDWebImageOperation.h; sourceTree = "<group>"; };
		27017A9A1ADF2EF200A9DF5F /* SDWebImagePrefetcher.h */ = {isa = PBXFileReference; fileEncoding = 4; lastKnownFileType = sourcecode.c.h; path = SDWebImagePrefetcher.h; sourceTree = "<group>"; };
		27017A9B1ADF2EF200A9DF5F /* SDWebImagePrefetcher.m */ = {isa = PBXFileReference; fileEncoding = 4; lastKnownFileType = sourcecode.c.objc; path = SDWebImagePrefetcher.m; sourceTree = "<group>"; };
		27017A9C1ADF2EF200A9DF5F /* UIButton+WebCache.h */ = {isa = PBXFileReference; fileEncoding = 4; lastKnownFileType = sourcecode.c.h; path = "UIButton+WebCache.h"; sourceTree = "<group>"; };
		27017A9D1ADF2EF200A9DF5F /* UIButton+WebCache.m */ = {isa = PBXFileReference; fileEncoding = 4; lastKnownFileType = sourcecode.c.objc; path = "UIButton+WebCache.m"; sourceTree = "<group>"; };
		27017A9E1ADF2EF200A9DF5F /* UIImage+GIF.h */ = {isa = PBXFileReference; fileEncoding = 4; lastKnownFileType = sourcecode.c.h; path = "UIImage+GIF.h"; sourceTree = "<group>"; };
		27017A9F1ADF2EF200A9DF5F /* UIImage+GIF.m */ = {isa = PBXFileReference; fileEncoding = 4; lastKnownFileType = sourcecode.c.objc; path = "UIImage+GIF.m"; sourceTree = "<group>"; };
		27017AA01ADF2EF200A9DF5F /* UIImage+MultiFormat.h */ = {isa = PBXFileReference; fileEncoding = 4; lastKnownFileType = sourcecode.c.h; path = "UIImage+MultiFormat.h"; sourceTree = "<group>"; };
		27017AA11ADF2EF200A9DF5F /* UIImage+MultiFormat.m */ = {isa = PBXFileReference; fileEncoding = 4; lastKnownFileType = sourcecode.c.objc; path = "UIImage+MultiFormat.m"; sourceTree = "<group>"; };
		27017AA21ADF2EF200A9DF5F /* UIImage+WebP.h */ = {isa = PBXFileReference; fileEncoding = 4; lastKnownFileType = sourcecode.c.h; path = "UIImage+WebP.h"; sourceTree = "<group>"; };
		27017AA31ADF2EF200A9DF5F /* UIImage+WebP.m */ = {isa = PBXFileReference; fileEncoding = 4; lastKnownFileType = sourcecode.c.objc; path = "UIImage+WebP.m"; sourceTree = "<group>"; };
		27017AA41ADF2EF200A9DF5F /* UIImageView+HighlightedWebCache.h */ = {isa = PBXFileReference; fileEncoding = 4; lastKnownFileType = sourcecode.c.h; path = "UIImageView+HighlightedWebCache.h"; sourceTree = "<group>"; };
		27017AA51ADF2EF200A9DF5F /* UIImageView+HighlightedWebCache.m */ = {isa = PBXFileReference; fileEncoding = 4; lastKnownFileType = sourcecode.c.objc; path = "UIImageView+HighlightedWebCache.m"; sourceTree = "<group>"; };
		27017AA61ADF2EF200A9DF5F /* UIImageView+WebCache.h */ = {isa = PBXFileReference; fileEncoding = 4; lastKnownFileType = sourcecode.c.h; path = "UIImageView+WebCache.h"; sourceTree = "<group>"; };
		27017AA71ADF2EF200A9DF5F /* UIImageView+WebCache.m */ = {isa = PBXFileReference; fileEncoding = 4; lastKnownFileType = sourcecode.c.objc; path = "UIImageView+WebCache.m"; sourceTree = "<group>"; };
		27017AA81ADF2EF200A9DF5F /* UIView+WebCacheOperation.h */ = {isa = PBXFileReference; fileEncoding = 4; lastKnownFileType = sourcecode.c.h; path = "UIView+WebCacheOperation.h"; sourceTree = "<group>"; };
		27017AA91ADF2EF200A9DF5F /* UIView+WebCacheOperation.m */ = {isa = PBXFileReference; fileEncoding = 4; lastKnownFileType = sourcecode.c.objc; path = "UIView+WebCacheOperation.m"; sourceTree = "<group>"; };
		27017ABA1ADF451800A9DF5F /* ImageIO.framework */ = {isa = PBXFileReference; lastKnownFileType = wrapper.framework; name = ImageIO.framework; path = System/Library/Frameworks/ImageIO.framework; sourceTree = SDKROOT; };
		27027DF81AAF8D3F002AE723 /* swish.mp3 */ = {isa = PBXFileReference; lastKnownFileType = audio.mp3; path = swish.mp3; sourceTree = "<group>"; };
		27030C3F1AE8DD260005A1A0 /* LoadingViewController.h */ = {isa = PBXFileReference; fileEncoding = 4; lastKnownFileType = sourcecode.c.h; path = LoadingViewController.h; sourceTree = "<group>"; };
		27030C401AE8DD260005A1A0 /* LoadingViewController.m */ = {isa = PBXFileReference; fileEncoding = 4; lastKnownFileType = sourcecode.c.objc; path = LoadingViewController.m; sourceTree = "<group>"; };
		27048D0E1A8F615D004E84B5 /* CustomTableViewCell.h */ = {isa = PBXFileReference; fileEncoding = 4; lastKnownFileType = sourcecode.c.h; path = CustomTableViewCell.h; sourceTree = "<group>"; };
		27048D0F1A8F615D004E84B5 /* CustomTableViewCell.m */ = {isa = PBXFileReference; fileEncoding = 4; lastKnownFileType = sourcecode.c.objc; path = CustomTableViewCell.m; sourceTree = "<group>"; };
		27048D151A9223A6004E84B5 /* SVIndefiniteAnimatedView.h */ = {isa = PBXFileReference; fileEncoding = 4; lastKnownFileType = sourcecode.c.h; path = SVIndefiniteAnimatedView.h; sourceTree = "<group>"; };
		27048D161A9223A6004E84B5 /* SVIndefiniteAnimatedView.m */ = {isa = PBXFileReference; fileEncoding = 4; lastKnownFileType = sourcecode.c.objc; path = SVIndefiniteAnimatedView.m; sourceTree = "<group>"; };
		27048D171A9223A6004E84B5 /* SVProgressHUD-Prefix.pch */ = {isa = PBXFileReference; fileEncoding = 4; lastKnownFileType = sourcecode.c.h; path = "SVProgressHUD-Prefix.pch"; sourceTree = "<group>"; };
		27048D181A9223A6004E84B5 /* SVProgressHUD.bundle */ = {isa = PBXFileReference; lastKnownFileType = "wrapper.plug-in"; path = SVProgressHUD.bundle; sourceTree = "<group>"; };
		27048D191A9223A6004E84B5 /* SVProgressHUD.h */ = {isa = PBXFileReference; fileEncoding = 4; lastKnownFileType = sourcecode.c.h; path = SVProgressHUD.h; sourceTree = "<group>"; };
		27048D1A1A9223A6004E84B5 /* SVProgressHUD.m */ = {isa = PBXFileReference; fileEncoding = 4; lastKnownFileType = sourcecode.c.objc; path = SVProgressHUD.m; sourceTree = "<group>"; };
		270495031A9FEA33000D163E /* LocationManager.h */ = {isa = PBXFileReference; fileEncoding = 4; lastKnownFileType = sourcecode.c.h; path = LocationManager.h; sourceTree = "<group>"; };
		270495041A9FEA33000D163E /* LocationManager.m */ = {isa = PBXFileReference; fileEncoding = 4; lastKnownFileType = sourcecode.c.objc; path = LocationManager.m; sourceTree = "<group>"; };
		270C5B1E1A746F0A0004A632 /* MapKit.framework */ = {isa = PBXFileReference; lastKnownFileType = wrapper.framework; name = MapKit.framework; path = System/Library/Frameworks/MapKit.framework; sourceTree = SDKROOT; };
		270C5B201A746F150004A632 /* CoreLocation.framework */ = {isa = PBXFileReference; lastKnownFileType = wrapper.framework; name = CoreLocation.framework; path = System/Library/Frameworks/CoreLocation.framework; sourceTree = SDKROOT; };
		271632B61AE5408D0060BBC9 /* signUpViewController.h */ = {isa = PBXFileReference; fileEncoding = 4; lastKnownFileType = sourcecode.c.h; name = signUpViewController.h; path = ../signUpViewController.h; sourceTree = "<group>"; };
		271632B71AE5408D0060BBC9 /* signUpViewController.m */ = {isa = PBXFileReference; fileEncoding = 4; lastKnownFileType = sourcecode.c.objc; name = signUpViewController.m; path = ../signUpViewController.m; sourceTree = "<group>"; };
		271CBC9D1B883B9E00D3FEC9 /* CustomCollectionViewLayout.h */ = {isa = PBXFileReference; fileEncoding = 4; lastKnownFileType = sourcecode.c.h; path = CustomCollectionViewLayout.h; sourceTree = "<group>"; };
		271CBC9E1B883B9E00D3FEC9 /* CustomCollectionViewLayout.m */ = {isa = PBXFileReference; fileEncoding = 4; lastKnownFileType = sourcecode.c.objc; path = CustomCollectionViewLayout.m; sourceTree = "<group>"; };
		271DAFCF1AB6A7B00007BFF8 /* libstdc++.6.dylib */ = {isa = PBXFileReference; lastKnownFileType = "compiled.mach-o.dylib"; name = "libstdc++.6.dylib"; path = "usr/lib/libstdc++.6.dylib"; sourceTree = SDKROOT; };
		271DAFD11AB6AACB0007BFF8 /* libstdc++.6.0.9.dylib */ = {isa = PBXFileReference; lastKnownFileType = "compiled.mach-o.dylib"; name = "libstdc++.6.0.9.dylib"; path = "usr/lib/libstdc++.6.0.9.dylib"; sourceTree = SDKROOT; };
		2744255D1AD5F0BB00FF187E /* Bolts.framework */ = {isa = PBXFileReference; lastKnownFileType = wrapper.framework; path = Bolts.framework; sourceTree = "<group>"; };
		2744255F1AD5F0C500FF187E /* Parse.framework */ = {isa = PBXFileReference; lastKnownFileType = wrapper.framework; path = Parse.framework; sourceTree = "<group>"; };
		274425611AD605F800FF187E /* ParseFacebookUtilsV4.framework */ = {isa = PBXFileReference; lastKnownFileType = wrapper.framework; path = ParseFacebookUtilsV4.framework; sourceTree = "<group>"; };
		274425631AD624FF00FF187E /* FBSDKCoreKit.framework */ = {isa = PBXFileReference; lastKnownFileType = wrapper.framework; name = FBSDKCoreKit.framework; path = ../../../Documents/FacebookSDK/FBSDKCoreKit.framework; sourceTree = "<group>"; };
		274425651AD6254400FF187E /* FBSDKLoginKit.framework */ = {isa = PBXFileReference; lastKnownFileType = wrapper.framework; name = FBSDKLoginKit.framework; path = ../../../Documents/FacebookSDK/FBSDKLoginKit.framework; sourceTree = "<group>"; };
		274B49E31B7357EF0037BF5A /* ScheduledGamesTableViewCell.h */ = {isa = PBXFileReference; fileEncoding = 4; lastKnownFileType = sourcecode.c.h; path = ScheduledGamesTableViewCell.h; sourceTree = "<group>"; };
		274B49E41B7357EF0037BF5A /* ScheduledGamesTableViewCell.m */ = {isa = PBXFileReference; fileEncoding = 4; lastKnownFileType = sourcecode.c.objc; path = ScheduledGamesTableViewCell.m; sourceTree = "<group>"; };
		274B49E61B7371CC0037BF5A /* UserDetailViewController.h */ = {isa = PBXFileReference; fileEncoding = 4; lastKnownFileType = sourcecode.c.h; name = UserDetailViewController.h; path = ../UserDetailViewController.h; sourceTree = "<group>"; };
		274B49E71B7371CC0037BF5A /* UserDetailViewController.m */ = {isa = PBXFileReference; fileEncoding = 4; lastKnownFileType = sourcecode.c.objc; name = UserDetailViewController.m; path = ../UserDetailViewController.m; sourceTree = "<group>"; };
		275BAFD71A9736F000697533 /* AddressBook.framework */ = {isa = PBXFileReference; lastKnownFileType = wrapper.framework; name = AddressBook.framework; path = System/Library/Frameworks/AddressBook.framework; sourceTree = SDKROOT; };
		275BAFD91A9736F800697533 /* AddressBookUI.framework */ = {isa = PBXFileReference; lastKnownFileType = wrapper.framework; name = AddressBookUI.framework; path = System/Library/Frameworks/AddressBookUI.framework; sourceTree = SDKROOT; };
		275F1BBF1AE7766800815B69 /* ProfileTableViewController.h */ = {isa = PBXFileReference; fileEncoding = 4; lastKnownFileType = sourcecode.c.h; name = ProfileTableViewController.h; path = ../ProfileTableViewController.h; sourceTree = "<group>"; };
		275F1BC01AE7766800815B69 /* ProfileTableViewController.m */ = {isa = PBXFileReference; fileEncoding = 4; lastKnownFileType = sourcecode.c.objc; name = ProfileTableViewController.m; path = ../ProfileTableViewController.m; sourceTree = "<group>"; };
		27618D1B1B655FA800ED4931 /* AddLocationTableViewController.h */ = {isa = PBXFileReference; fileEncoding = 4; lastKnownFileType = sourcecode.c.h; path = AddLocationTableViewController.h; sourceTree = "<group>"; };
		27618D1C1B655FA800ED4931 /* AddLocationTableViewController.m */ = {isa = PBXFileReference; fileEncoding = 4; lastKnownFileType = sourcecode.c.objc; path = AddLocationTableViewController.m; sourceTree = "<group>"; };
		27618D1E1B669D3200ED4931 /* GameLocationTableViewController.h */ = {isa = PBXFileReference; fileEncoding = 4; lastKnownFileType = sourcecode.c.h; path = GameLocationTableViewController.h; sourceTree = "<group>"; };
		27618D1F1B669D3200ED4931 /* GameLocationTableViewController.m */ = {isa = PBXFileReference; fileEncoding = 4; lastKnownFileType = sourcecode.c.objc; path = GameLocationTableViewController.m; sourceTree = "<group>"; };
		27618D211B66ABF100ED4931 /* GameLocationTableViewCell.h */ = {isa = PBXFileReference; fileEncoding = 4; lastKnownFileType = sourcecode.c.h; path = GameLocationTableViewCell.h; sourceTree = "<group>"; };
		27618D221B66ABF100ED4931 /* GameLocationTableViewCell.m */ = {isa = PBXFileReference; fileEncoding = 4; lastKnownFileType = sourcecode.c.objc; path = GameLocationTableViewCell.m; sourceTree = "<group>"; };
		276A2DFF1A7BFF6300BD7600 /* LoginViewController.h */ = {isa = PBXFileReference; fileEncoding = 4; lastKnownFileType = sourcecode.c.h; path = LoginViewController.h; sourceTree = "<group>"; };
		276A2E001A7BFF6300BD7600 /* LoginViewController.m */ = {isa = PBXFileReference; fileEncoding = 4; lastKnownFileType = sourcecode.c.objc; path = LoginViewController.m; sourceTree = "<group>"; };
		2770EBE51B66EAAD00CE3F1D /* AddLocationViewController.h */ = {isa = PBXFileReference; fileEncoding = 4; lastKnownFileType = sourcecode.c.h; path = AddLocationViewController.h; sourceTree = "<group>"; };
		2770EBE61B66EAAD00CE3F1D /* AddLocationViewController.m */ = {isa = PBXFileReference; fileEncoding = 4; lastKnownFileType = sourcecode.c.objc; path = AddLocationViewController.m; sourceTree = "<group>"; };
		27710DC11B79BEF90003E621 /* EditLocationViewController.h */ = {isa = PBXFileReference; fileEncoding = 4; lastKnownFileType = sourcecode.c.h; path = EditLocationViewController.h; sourceTree = "<group>"; };
		27710DC21B79BEF90003E621 /* EditLocationViewController.m */ = {isa = PBXFileReference; fileEncoding = 4; lastKnownFileType = sourcecode.c.objc; path = EditLocationViewController.m; sourceTree = "<group>"; };
		27710DC41B7C7A960003E621 /* IconExplanaionViewController.h */ = {isa = PBXFileReference; fileEncoding = 4; lastKnownFileType = sourcecode.c.h; path = IconExplanaionViewController.h; sourceTree = "<group>"; };
		27710DC51B7C7A960003E621 /* IconExplanaionViewController.m */ = {isa = PBXFileReference; fileEncoding = 4; lastKnownFileType = sourcecode.c.objc; path = IconExplanaionViewController.m; sourceTree = "<group>"; };
		277A3EA81A8CC779000C17ED /* PlaceDetailViewController.h */ = {isa = PBXFileReference; fileEncoding = 4; lastKnownFileType = sourcecode.c.h; name = PlaceDetailViewController.h; path = ../PlaceDetailViewController.h; sourceTree = "<group>"; };
		277A3EA91A8CC779000C17ED /* PlaceDetailViewController.m */ = {isa = PBXFileReference; fileEncoding = 4; lastKnownFileType = sourcecode.c.objc; name = PlaceDetailViewController.m; path = ../PlaceDetailViewController.m; sourceTree = "<group>"; };
		278A644E1B7FCACF002F4A26 /* SearchResultsTableViewController.h */ = {isa = PBXFileReference; fileEncoding = 4; lastKnownFileType = sourcecode.c.h; path = SearchResultsTableViewController.h; sourceTree = "<group>"; };
		278A644F1B7FCACF002F4A26 /* SearchResultsTableViewController.m */ = {isa = PBXFileReference; fileEncoding = 4; lastKnownFileType = sourcecode.c.objc; path = SearchResultsTableViewController.m; sourceTree = "<group>"; };
		278A64511B7FCB22002F4A26 /* LocationSearchResultsTableViewCell.h */ = {isa = PBXFileReference; fileEncoding = 4; lastKnownFileType = sourcecode.c.h; path = LocationSearchResultsTableViewCell.h; sourceTree = "<group>"; };
		278A64521B7FCB22002F4A26 /* LocationSearchResultsTableViewCell.m */ = {isa = PBXFileReference; fileEncoding = 4; lastKnownFileType = sourcecode.c.objc; path = LocationSearchResultsTableViewCell.m; sourceTree = "<group>"; };
		278B82A01B82FB0500C7C546 /* PlacePictureCustomCollectionViewCell.h */ = {isa = PBXFileReference; fileEncoding = 4; lastKnownFileType = sourcecode.c.h; path = PlacePictureCustomCollectionViewCell.h; sourceTree = "<group>"; };
		278B82A11B82FB0500C7C546 /* PlacePictureCustomCollectionViewCell.m */ = {isa = PBXFileReference; fileEncoding = 4; lastKnownFileType = sourcecode.c.objc; path = PlacePictureCustomCollectionViewCell.m; sourceTree = "<group>"; };
		279E2AB91A71A77F0080542E /* GameFinder.app */ = {isa = PBXFileReference; explicitFileType = wrapper.application; includeInIndex = 0; path = GameFinder.app; sourceTree = BUILT_PRODUCTS_DIR; };
		279E2ABD1A71A77F0080542E /* Info.plist */ = {isa = PBXFileReference; lastKnownFileType = text.plist.xml; path = Info.plist; sourceTree = "<group>"; };
		279E2ABE1A71A77F0080542E /* main.m */ = {isa = PBXFileReference; lastKnownFileType = sourcecode.c.objc; path = main.m; sourceTree = "<group>"; };
		279E2AC01A71A77F0080542E /* AppDelegate.h */ = {isa = PBXFileReference; lastKnownFileType = sourcecode.c.h; path = AppDelegate.h; sourceTree = "<group>"; };
		279E2AC11A71A77F0080542E /* AppDelegate.m */ = {isa = PBXFileReference; lastKnownFileType = sourcecode.c.objc; path = AppDelegate.m; sourceTree = "<group>"; };
		279E2AC71A71A77F0080542E /* Base */ = {isa = PBXFileReference; lastKnownFileType = file.storyboard; name = Base; path = Base.lproj/Main.storyboard; sourceTree = "<group>"; };
		279E2AC91A71A77F0080542E /* Images.xcassets */ = {isa = PBXFileReference; lastKnownFileType = folder.assetcatalog; path = Images.xcassets; sourceTree = "<group>"; };
		279E2ACC1A71A77F0080542E /* Base */ = {isa = PBXFileReference; lastKnownFileType = file.xib; name = Base; path = Base.lproj/LaunchScreen.xib; sourceTree = "<group>"; };
		279E2AD21A71A7800080542E /* GameFinderTests.xctest */ = {isa = PBXFileReference; explicitFileType = wrapper.cfbundle; includeInIndex = 0; path = GameFinderTests.xctest; sourceTree = BUILT_PRODUCTS_DIR; };
		279E2AD71A71A7800080542E /* Info.plist */ = {isa = PBXFileReference; lastKnownFileType = text.plist.xml; path = Info.plist; sourceTree = "<group>"; };
		279E2AD81A71A7800080542E /* GameFinderTests.m */ = {isa = PBXFileReference; lastKnownFileType = sourcecode.c.objc; path = GameFinderTests.m; sourceTree = "<group>"; };
		27C0E3241B72923C00A6D084 /* PlaceDetailCollectionViewCell.h */ = {isa = PBXFileReference; fileEncoding = 4; lastKnownFileType = sourcecode.c.h; path = PlaceDetailCollectionViewCell.h; sourceTree = "<group>"; };
		27C0E3251B72923C00A6D084 /* PlaceDetailCollectionViewCell.m */ = {isa = PBXFileReference; fileEncoding = 4; lastKnownFileType = sourcecode.c.objc; path = PlaceDetailCollectionViewCell.m; sourceTree = "<group>"; };
		27C0E3271B729C3400A6D084 /* PlayersHeaderCollectionReusableView.h */ = {isa = PBXFileReference; fileEncoding = 4; lastKnownFileType = sourcecode.c.h; path = PlayersHeaderCollectionReusableView.h; sourceTree = "<group>"; };
		27C0E3281B729C3400A6D084 /* PlayersHeaderCollectionReusableView.m */ = {isa = PBXFileReference; fileEncoding = 4; lastKnownFileType = sourcecode.c.objc; path = PlayersHeaderCollectionReusableView.m; sourceTree = "<group>"; };
		27D188581A95C98D00410B32 /* GamePointAnnotation.h */ = {isa = PBXFileReference; lastKnownFileType = sourcecode.c.h; name = GamePointAnnotation.h; path = GameFinder/GamePointAnnotation.h; sourceTree = "<group>"; };
		27D188591A95C99900410B32 /* GamePointAnnotation.m */ = {isa = PBXFileReference; fileEncoding = 4; lastKnownFileType = sourcecode.c.objc; name = GamePointAnnotation.m; path = GameFinder/GamePointAnnotation.m; sourceTree = "<group>"; };
		27E3950E1AE18EA8000E82FA /* Crashlytics.framework */ = {isa = PBXFileReference; lastKnownFileType = wrapper.framework; path = Crashlytics.framework; sourceTree = "<group>"; };
		27E3950F1AE18EA8000E82FA /* Fabric.framework */ = {isa = PBXFileReference; lastKnownFileType = wrapper.framework; path = Fabric.framework; sourceTree = "<group>"; };
		27E395121AE18FD3000E82FA /* TwitterKit.framework */ = {isa = PBXFileReference; lastKnownFileType = wrapper.framework; path = TwitterKit.framework; sourceTree = "<group>"; };
		27E395131AE18FD3000E82FA /* TwitterKitResources.bundle */ = {isa = PBXFileReference; lastKnownFileType = "wrapper.plug-in"; name = TwitterKitResources.bundle; path = TwitterKit.framework/Versions/A/Resources/TwitterKitResources.bundle; sourceTree = "<group>"; };
		27FC60751A7B418A005AE24C /* AudioToolbox.framework */ = {isa = PBXFileReference; lastKnownFileType = wrapper.framework; name = AudioToolbox.framework; path = System/Library/Frameworks/AudioToolbox.framework; sourceTree = SDKROOT; };
		27FC60771A7B4192005AE24C /* CFNetwork.framework */ = {isa = PBXFileReference; lastKnownFileType = wrapper.framework; name = CFNetwork.framework; path = System/Library/Frameworks/CFNetwork.framework; sourceTree = SDKROOT; };
		27FC60791A7B419F005AE24C /* CoreGraphics.framework */ = {isa = PBXFileReference; lastKnownFileType = wrapper.framework; name = CoreGraphics.framework; path = System/Library/Frameworks/CoreGraphics.framework; sourceTree = SDKROOT; };
		27FC607B1A7B41A9005AE24C /* MobileCoreServices.framework */ = {isa = PBXFileReference; lastKnownFileType = wrapper.framework; name = MobileCoreServices.framework; path = System/Library/Frameworks/MobileCoreServices.framework; sourceTree = SDKROOT; };
		27FC607D1A7B41B1005AE24C /* QuartzCore.framework */ = {isa = PBXFileReference; lastKnownFileType = wrapper.framework; name = QuartzCore.framework; path = System/Library/Frameworks/QuartzCore.framework; sourceTree = SDKROOT; };
		27FC607F1A7B41BB005AE24C /* Security.framework */ = {isa = PBXFileReference; lastKnownFileType = wrapper.framework; name = Security.framework; path = System/Library/Frameworks/Security.framework; sourceTree = SDKROOT; };
		27FC60831A7B41DB005AE24C /* SystemConfiguration.framework */ = {isa = PBXFileReference; lastKnownFileType = wrapper.framework; name = SystemConfiguration.framework; path = System/Library/Frameworks/SystemConfiguration.framework; sourceTree = SDKROOT; };
		27FC60851A7B41E7005AE24C /* libz.dylib */ = {isa = PBXFileReference; lastKnownFileType = "compiled.mach-o.dylib"; name = libz.dylib; path = usr/lib/libz.dylib; sourceTree = SDKROOT; };
		27FC60871A7B41F3005AE24C /* libsqlite3.dylib */ = {isa = PBXFileReference; lastKnownFileType = "compiled.mach-o.dylib"; name = libsqlite3.dylib; path = usr/lib/libsqlite3.dylib; sourceTree = SDKROOT; };
/* End PBXFileReference section */

/* Begin PBXFrameworksBuildPhase section */
		279E2AB61A71A77F0080542E /* Frameworks */ = {
			isa = PBXFrameworksBuildPhase;
			buildActionMask = 2147483647;
			files = (
				27017ABB1ADF451800A9DF5F /* ImageIO.framework in Frameworks */,
				274425661AD6254400FF187E /* FBSDKLoginKit.framework in Frameworks */,
				27E395101AE18EA8000E82FA /* Crashlytics.framework in Frameworks */,
				271DAFD31AB6AAD90007BFF8 /* libstdc++.6.dylib in Frameworks */,
				27FC60881A7B41F3005AE24C /* libsqlite3.dylib in Frameworks */,
				27FC60861A7B41E7005AE24C /* libz.dylib in Frameworks */,
				27FC60841A7B41DB005AE24C /* SystemConfiguration.framework in Frameworks */,
				27FC60801A7B41BB005AE24C /* Security.framework in Frameworks */,
				27FC607E1A7B41B1005AE24C /* QuartzCore.framework in Frameworks */,
				27FC607C1A7B41A9005AE24C /* MobileCoreServices.framework in Frameworks */,
				2744255E1AD5F0BB00FF187E /* Bolts.framework in Frameworks */,
				27E395111AE18EA8000E82FA /* Fabric.framework in Frameworks */,
				27FC607A1A7B419F005AE24C /* CoreGraphics.framework in Frameworks */,
				27FC60781A7B4192005AE24C /* CFNetwork.framework in Frameworks */,
				274425601AD5F0C500FF187E /* Parse.framework in Frameworks */,
				27FC60761A7B418A005AE24C /* AudioToolbox.framework in Frameworks */,
				270C5B211A746F150004A632 /* CoreLocation.framework in Frameworks */,
				274425641AD624FF00FF187E /* FBSDKCoreKit.framework in Frameworks */,
				270C5B1F1A746F0A0004A632 /* MapKit.framework in Frameworks */,
				274425621AD605F900FF187E /* ParseFacebookUtilsV4.framework in Frameworks */,
				27E395141AE18FD3000E82FA /* TwitterKit.framework in Frameworks */,
			);
			runOnlyForDeploymentPostprocessing = 0;
		};
		279E2ACF1A71A7800080542E /* Frameworks */ = {
			isa = PBXFrameworksBuildPhase;
			buildActionMask = 2147483647;
			files = (
			);
			runOnlyForDeploymentPostprocessing = 0;
		};
/* End PBXFrameworksBuildPhase section */

/* Begin PBXGroup section */
		27017A881ADF2EF200A9DF5F /* SDWebImage */ = {
			isa = PBXGroup;
			children = (
				27017A891ADF2EF200A9DF5F /* MKAnnotationView+WebCache.h */,
				27017A8A1ADF2EF200A9DF5F /* MKAnnotationView+WebCache.m */,
				27017A8B1ADF2EF200A9DF5F /* NSData+ImageContentType.h */,
				27017A8C1ADF2EF200A9DF5F /* NSData+ImageContentType.m */,
				27017A8D1ADF2EF200A9DF5F /* SDImageCache.h */,
				27017A8E1ADF2EF200A9DF5F /* SDImageCache.m */,
				27017A8F1ADF2EF200A9DF5F /* SDWebImageCompat.h */,
				27017A901ADF2EF200A9DF5F /* SDWebImageCompat.m */,
				27017A911ADF2EF200A9DF5F /* SDWebImageDecoder.h */,
				27017A921ADF2EF200A9DF5F /* SDWebImageDecoder.m */,
				27017A931ADF2EF200A9DF5F /* SDWebImageDownloader.h */,
				27017A941ADF2EF200A9DF5F /* SDWebImageDownloader.m */,
				27017A951ADF2EF200A9DF5F /* SDWebImageDownloaderOperation.h */,
				27017A961ADF2EF200A9DF5F /* SDWebImageDownloaderOperation.m */,
				27017A971ADF2EF200A9DF5F /* SDWebImageManager.h */,
				27017A981ADF2EF200A9DF5F /* SDWebImageManager.m */,
				27017A991ADF2EF200A9DF5F /* SDWebImageOperation.h */,
				27017A9A1ADF2EF200A9DF5F /* SDWebImagePrefetcher.h */,
				27017A9B1ADF2EF200A9DF5F /* SDWebImagePrefetcher.m */,
				27017A9C1ADF2EF200A9DF5F /* UIButton+WebCache.h */,
				27017A9D1ADF2EF200A9DF5F /* UIButton+WebCache.m */,
				27017A9E1ADF2EF200A9DF5F /* UIImage+GIF.h */,
				27017A9F1ADF2EF200A9DF5F /* UIImage+GIF.m */,
				27017AA01ADF2EF200A9DF5F /* UIImage+MultiFormat.h */,
				27017AA11ADF2EF200A9DF5F /* UIImage+MultiFormat.m */,
				27017AA21ADF2EF200A9DF5F /* UIImage+WebP.h */,
				27017AA31ADF2EF200A9DF5F /* UIImage+WebP.m */,
				27017AA41ADF2EF200A9DF5F /* UIImageView+HighlightedWebCache.h */,
				27017AA51ADF2EF200A9DF5F /* UIImageView+HighlightedWebCache.m */,
				27017AA61ADF2EF200A9DF5F /* UIImageView+WebCache.h */,
				27017AA71ADF2EF200A9DF5F /* UIImageView+WebCache.m */,
				27017AA81ADF2EF200A9DF5F /* UIView+WebCacheOperation.h */,
				27017AA91ADF2EF200A9DF5F /* UIView+WebCacheOperation.m */,
			);
			path = SDWebImage;
			sourceTree = "<group>";
		};
		27048D141A9223A6004E84B5 /* SVProgressHUD */ = {
			isa = PBXGroup;
			children = (
				27048D151A9223A6004E84B5 /* SVIndefiniteAnimatedView.h */,
				27048D161A9223A6004E84B5 /* SVIndefiniteAnimatedView.m */,
				27048D171A9223A6004E84B5 /* SVProgressHUD-Prefix.pch */,
				27048D181A9223A6004E84B5 /* SVProgressHUD.bundle */,
				27048D191A9223A6004E84B5 /* SVProgressHUD.h */,
				27048D1A1A9223A6004E84B5 /* SVProgressHUD.m */,
			);
			path = SVProgressHUD;
			sourceTree = "<group>";
		};
		279E2AB01A71A77E0080542E = {
			isa = PBXGroup;
			children = (
				279E2AC61A71A77F0080542E /* Main.storyboard */,
				27FC60731A7B40AE005AE24C /* Frameworks */,
				279E2ABB1A71A77F0080542E /* GameFinder */,
				279E2AD51A71A7800080542E /* GameFinderTests */,
				279E2ABA1A71A77F0080542E /* Products */,
				27027DF81AAF8D3F002AE723 /* swish.mp3 */,
			);
			sourceTree = "<group>";
		};
		279E2ABA1A71A77F0080542E /* Products */ = {
			isa = PBXGroup;
			children = (
				279E2AB91A71A77F0080542E /* GameFinder.app */,
				279E2AD21A71A7800080542E /* GameFinderTests.xctest */,
			);
			name = Products;
			sourceTree = "<group>";
		};
		279E2ABB1A71A77F0080542E /* GameFinder */ = {
			isa = PBXGroup;
			children = (
				27FC60741A7B40C6005AE24C /* View Controllers */,
				279E2AC01A71A77F0080542E /* AppDelegate.h */,
				279E2AC11A71A77F0080542E /* AppDelegate.m */,
				27D188551A9468EA00410B32 /* Classes */,
				279E2ABC1A71A77F0080542E /* Supporting Files */,
			);
			path = GameFinder;
			sourceTree = "<group>";
		};
		279E2ABC1A71A77F0080542E /* Supporting Files */ = {
			isa = PBXGroup;
			children = (
				279E2AC91A71A77F0080542E /* Images.xcassets */,
				279E2ACB1A71A77F0080542E /* LaunchScreen.xib */,
				279E2ABD1A71A77F0080542E /* Info.plist */,
				279E2ABE1A71A77F0080542E /* main.m */,
			);
			name = "Supporting Files";
			sourceTree = "<group>";
		};
		279E2AD51A71A7800080542E /* GameFinderTests */ = {
			isa = PBXGroup;
			children = (
				279E2AD81A71A7800080542E /* GameFinderTests.m */,
				279E2AD61A71A7800080542E /* Supporting Files */,
			);
			path = GameFinderTests;
			sourceTree = "<group>";
		};
		279E2AD61A71A7800080542E /* Supporting Files */ = {
			isa = PBXGroup;
			children = (
				279E2AD71A71A7800080542E /* Info.plist */,
			);
			name = "Supporting Files";
			sourceTree = "<group>";
		};
		27D188551A9468EA00410B32 /* Classes */ = {
			isa = PBXGroup;
			children = (
				27618D211B66ABF100ED4931 /* GameLocationTableViewCell.h */,
				27618D221B66ABF100ED4931 /* GameLocationTableViewCell.m */,
				278B82A01B82FB0500C7C546 /* PlacePictureCustomCollectionViewCell.h */,
				278B82A11B82FB0500C7C546 /* PlacePictureCustomCollectionViewCell.m */,
				270495031A9FEA33000D163E /* LocationManager.h */,
				270495041A9FEA33000D163E /* LocationManager.m */,
				27D188591A95C99900410B32 /* GamePointAnnotation.m */,
				27D188581A95C98D00410B32 /* GamePointAnnotation.h */,
				27048D0E1A8F615D004E84B5 /* CustomTableViewCell.h */,
				27048D0F1A8F615D004E84B5 /* CustomTableViewCell.m */,
				27C0E3241B72923C00A6D084 /* PlaceDetailCollectionViewCell.h */,
				27C0E3251B72923C00A6D084 /* PlaceDetailCollectionViewCell.m */,
				27C0E3271B729C3400A6D084 /* PlayersHeaderCollectionReusableView.h */,
				27C0E3281B729C3400A6D084 /* PlayersHeaderCollectionReusableView.m */,
				274B49E31B7357EF0037BF5A /* ScheduledGamesTableViewCell.h */,
				274B49E41B7357EF0037BF5A /* ScheduledGamesTableViewCell.m */,
				278A64511B7FCB22002F4A26 /* LocationSearchResultsTableViewCell.h */,
				278A64521B7FCB22002F4A26 /* LocationSearchResultsTableViewCell.m */,
				271CBC9D1B883B9E00D3FEC9 /* CustomCollectionViewLayout.h */,
				271CBC9E1B883B9E00D3FEC9 /* CustomCollectionViewLayout.m */,
			);
			name = Classes;
			path = ..;
			sourceTree = "<group>";
		};
		27FC60731A7B40AE005AE24C /* Frameworks */ = {
			isa = PBXGroup;
			children = (
				27E395121AE18FD3000E82FA /* TwitterKit.framework */,
				27E395131AE18FD3000E82FA /* TwitterKitResources.bundle */,
				27E3950E1AE18EA8000E82FA /* Crashlytics.framework */,
				27E3950F1AE18EA8000E82FA /* Fabric.framework */,
				27017ABA1ADF451800A9DF5F /* ImageIO.framework */,
				27017A881ADF2EF200A9DF5F /* SDWebImage */,
				274425651AD6254400FF187E /* FBSDKLoginKit.framework */,
				274425631AD624FF00FF187E /* FBSDKCoreKit.framework */,
				274425611AD605F800FF187E /* ParseFacebookUtilsV4.framework */,
				2744255F1AD5F0C500FF187E /* Parse.framework */,
				2744255D1AD5F0BB00FF187E /* Bolts.framework */,
				27048D141A9223A6004E84B5 /* SVProgressHUD */,
				271DAFD11AB6AACB0007BFF8 /* libstdc++.6.0.9.dylib */,
				271DAFCF1AB6A7B00007BFF8 /* libstdc++.6.dylib */,
				275BAFD91A9736F800697533 /* AddressBookUI.framework */,
				275BAFD71A9736F000697533 /* AddressBook.framework */,
				27FC60871A7B41F3005AE24C /* libsqlite3.dylib */,
				27FC60851A7B41E7005AE24C /* libz.dylib */,
				27FC60831A7B41DB005AE24C /* SystemConfiguration.framework */,
				27FC607F1A7B41BB005AE24C /* Security.framework */,
				27FC607D1A7B41B1005AE24C /* QuartzCore.framework */,
				27FC607B1A7B41A9005AE24C /* MobileCoreServices.framework */,
				27FC60791A7B419F005AE24C /* CoreGraphics.framework */,
				27FC60771A7B4192005AE24C /* CFNetwork.framework */,
				27FC60751A7B418A005AE24C /* AudioToolbox.framework */,
				270C5B201A746F150004A632 /* CoreLocation.framework */,
				270C5B1E1A746F0A0004A632 /* MapKit.framework */,
			);
			name = Frameworks;
			sourceTree = "<group>";
		};
		27FC60741A7B40C6005AE24C /* View Controllers */ = {
			isa = PBXGroup;
			children = (
				271632B61AE5408D0060BBC9 /* signUpViewController.h */,
				271632B71AE5408D0060BBC9 /* signUpViewController.m */,
				275F1BBF1AE7766800815B69 /* ProfileTableViewController.h */,
				275F1BC01AE7766800815B69 /* ProfileTableViewController.m */,
				27030C3F1AE8DD260005A1A0 /* LoadingViewController.h */,
				27030C401AE8DD260005A1A0 /* LoadingViewController.m */,
				276A2DFF1A7BFF6300BD7600 /* LoginViewController.h */,
				276A2E001A7BFF6300BD7600 /* LoginViewController.m */,
				277A3EA81A8CC779000C17ED /* PlaceDetailViewController.h */,
				277A3EA91A8CC779000C17ED /* PlaceDetailViewController.m */,
				27618D1B1B655FA800ED4931 /* AddLocationTableViewController.h */,
				27618D1C1B655FA800ED4931 /* AddLocationTableViewController.m */,
				27618D1E1B669D3200ED4931 /* GameLocationTableViewController.h */,
				27618D1F1B669D3200ED4931 /* GameLocationTableViewController.m */,
				2770EBE51B66EAAD00CE3F1D /* AddLocationViewController.h */,
				2770EBE61B66EAAD00CE3F1D /* AddLocationViewController.m */,
				274B49E61B7371CC0037BF5A /* UserDetailViewController.h */,
				274B49E71B7371CC0037BF5A /* UserDetailViewController.m */,
				27710DC11B79BEF90003E621 /* EditLocationViewController.h */,
				27710DC21B79BEF90003E621 /* EditLocationViewController.m */,
				27710DC41B7C7A960003E621 /* IconExplanaionViewController.h */,
				27710DC51B7C7A960003E621 /* IconExplanaionViewController.m */,
				278A644E1B7FCACF002F4A26 /* SearchResultsTableViewController.h */,
				278A644F1B7FCACF002F4A26 /* SearchResultsTableViewController.m */,
			);
			name = "View Controllers";
			sourceTree = "<group>";
		};
/* End PBXGroup section */

/* Begin PBXNativeTarget section */
		279E2AB81A71A77F0080542E /* GameFinder */ = {
			isa = PBXNativeTarget;
			buildConfigurationList = 279E2ADC1A71A7800080542E /* Build configuration list for PBXNativeTarget "GameFinder" */;
			buildPhases = (
				279E2AB51A71A77F0080542E /* Sources */,
				279E2AB61A71A77F0080542E /* Frameworks */,
				279E2AB71A71A77F0080542E /* Resources */,
				271DAFDA1AB6AE060007BFF8 /* ShellScript */,
			);
			buildRules = (
			);
			dependencies = (
			);
			name = GameFinder;
			productName = GameFinder;
			productReference = 279E2AB91A71A77F0080542E /* GameFinder.app */;
			productType = "com.apple.product-type.application";
		};
		279E2AD11A71A7800080542E /* GameFinderTests */ = {
			isa = PBXNativeTarget;
			buildConfigurationList = 279E2ADF1A71A7800080542E /* Build configuration list for PBXNativeTarget "GameFinderTests" */;
			buildPhases = (
				279E2ACE1A71A7800080542E /* Sources */,
				279E2ACF1A71A7800080542E /* Frameworks */,
				279E2AD01A71A7800080542E /* Resources */,
			);
			buildRules = (
			);
			dependencies = (
				279E2AD41A71A7800080542E /* PBXTargetDependency */,
			);
			name = GameFinderTests;
			productName = GameFinderTests;
			productReference = 279E2AD21A71A7800080542E /* GameFinderTests.xctest */;
			productType = "com.apple.product-type.bundle.unit-test";
		};
/* End PBXNativeTarget section */

/* Begin PBXProject section */
		279E2AB11A71A77F0080542E /* Project object */ = {
			isa = PBXProject;
			attributes = {
				LastUpgradeCheck = 0610;
				ORGANIZATIONNAME = "Nick Reeder";
				TargetAttributes = {
					279E2AB81A71A77F0080542E = {
						CreatedOnToolsVersion = 6.1.1;
						DevelopmentTeam = C67UGMY2HN;
						SystemCapabilities = {
							com.apple.BackgroundModes = {
								enabled = 0;
							};
							com.apple.InAppPurchase = {
								enabled = 0;
							};
						};
					};
					279E2AD11A71A7800080542E = {
						CreatedOnToolsVersion = 6.1.1;
						TestTargetID = 279E2AB81A71A77F0080542E;
					};
				};
			};
			buildConfigurationList = 279E2AB41A71A77F0080542E /* Build configuration list for PBXProject "GameFinder" */;
			compatibilityVersion = "Xcode 3.2";
			developmentRegion = English;
			hasScannedForEncodings = 0;
			knownRegions = (
				en,
				Base,
			);
			mainGroup = 279E2AB01A71A77E0080542E;
			productRefGroup = 279E2ABA1A71A77F0080542E /* Products */;
			projectDirPath = "";
			projectRoot = "";
			targets = (
				279E2AB81A71A77F0080542E /* GameFinder */,
				279E2AD11A71A7800080542E /* GameFinderTests */,
			);
		};
/* End PBXProject section */

/* Begin PBXResourcesBuildPhase section */
		279E2AB71A71A77F0080542E /* Resources */ = {
			isa = PBXResourcesBuildPhase;
			buildActionMask = 2147483647;
			files = (
				27048D1C1A9223A6004E84B5 /* SVProgressHUD.bundle in Resources */,
				279E2AC81A71A77F0080542E /* Main.storyboard in Resources */,
				279E2ACD1A71A77F0080542E /* LaunchScreen.xib in Resources */,
				279E2ACA1A71A77F0080542E /* Images.xcassets in Resources */,
				27E395151AE18FD3000E82FA /* TwitterKitResources.bundle in Resources */,
				27027DF91AAF8D3F002AE723 /* swish.mp3 in Resources */,
			);
			runOnlyForDeploymentPostprocessing = 0;
		};
		279E2AD01A71A7800080542E /* Resources */ = {
			isa = PBXResourcesBuildPhase;
			buildActionMask = 2147483647;
			files = (
			);
			runOnlyForDeploymentPostprocessing = 0;
		};
/* End PBXResourcesBuildPhase section */

/* Begin PBXShellScriptBuildPhase section */
		271DAFDA1AB6AE060007BFF8 /* ShellScript */ = {
			isa = PBXShellScriptBuildPhase;
			buildActionMask = 2147483647;
			files = (
			);
			inputPaths = (
			);
			outputPaths = (
			);
			runOnlyForDeploymentPostprocessing = 0;
			shellPath = /bin/sh;
			shellScript = "";
		};
/* End PBXShellScriptBuildPhase section */

/* Begin PBXSourcesBuildPhase section */
		279E2AB51A71A77F0080542E /* Sources */ = {
			isa = PBXSourcesBuildPhase;
			buildActionMask = 2147483647;
			files = (
				271632B81AE5408D0060BBC9 /* signUpViewController.m in Sources */,
				27618D231B66ABF100ED4931 /* GameLocationTableViewCell.m in Sources */,
				27D1885A1A95C99900410B32 /* GamePointAnnotation.m in Sources */,
				27710DC31B79BEF90003E621 /* EditLocationViewController.m in Sources */,
				27618D201B669D3200ED4931 /* GameLocationTableViewController.m in Sources */,
				276A2E011A7BFF6300BD7600 /* LoginViewController.m in Sources */,
				27017AB61ADF2EF200A9DF5F /* UIImage+WebP.m in Sources */,
				279E2AC21A71A77F0080542E /* AppDelegate.m in Sources */,
				27C0E3291B729C3400A6D084 /* PlayersHeaderCollectionReusableView.m in Sources */,
				27017AB31ADF2EF200A9DF5F /* UIButton+WebCache.m in Sources */,
				27017AB01ADF2EF200A9DF5F /* SDWebImageDownloaderOperation.m in Sources */,
				278A64531B7FCB22002F4A26 /* LocationSearchResultsTableViewCell.m in Sources */,
				27030C411AE8DD260005A1A0 /* LoadingViewController.m in Sources */,
				27017AAC1ADF2EF200A9DF5F /* SDImageCache.m in Sources */,
				2770EBE71B66EAAD00CE3F1D /* AddLocationViewController.m in Sources */,
				275F1BC11AE7766800815B69 /* ProfileTableViewController.m in Sources */,
				278B82A21B82FB0500C7C546 /* PlacePictureCustomCollectionViewCell.m in Sources */,
				27017AAB1ADF2EF200A9DF5F /* NSData+ImageContentType.m in Sources */,
				27017AAE1ADF2EF200A9DF5F /* SDWebImageDecoder.m in Sources */,
				277A3EAA1A8CC779000C17ED /* PlaceDetailViewController.m in Sources */,
				27017AB71ADF2EF200A9DF5F /* UIImageView+HighlightedWebCache.m in Sources */,
				271BBE621ACD2D6900BEC46C /* SVIndefiniteAnimatedView.m in Sources */,
				27017AAF1ADF2EF200A9DF5F /* SDWebImageDownloader.m in Sources */,
				27017AAD1ADF2EF200A9DF5F /* SDWebImageCompat.m in Sources */,
				27710DC61B7C7A960003E621 /* IconExplanaionViewController.m in Sources */,
				271BBE611ACD2D6600BEC46C /* SVProgressHUD.m in Sources */,
				27017AB41ADF2EF200A9DF5F /* UIImage+GIF.m in Sources */,
				271CBC9F1B883B9E00D3FEC9 /* CustomCollectionViewLayout.m in Sources */,
				274B49E51B7357EF0037BF5A /* ScheduledGamesTableViewCell.m in Sources */,
				27017AB51ADF2EF200A9DF5F /* UIImage+MultiFormat.m in Sources */,
				270495051A9FEA33000D163E /* LocationManager.m in Sources */,
				278A64501B7FCACF002F4A26 /* SearchResultsTableViewController.m in Sources */,
				27017AB21ADF2EF200A9DF5F /* SDWebImagePrefetcher.m in Sources */,
				27017AAA1ADF2EF200A9DF5F /* MKAnnotationView+WebCache.m in Sources */,
				27017AB81ADF2EF200A9DF5F /* UIImageView+WebCache.m in Sources */,
				27017AB91ADF2EF200A9DF5F /* UIView+WebCacheOperation.m in Sources */,
				27017AB11ADF2EF200A9DF5F /* SDWebImageManager.m in Sources */,
				27048D101A8F615D004E84B5 /* CustomTableViewCell.m in Sources */,
				279E2ABF1A71A77F0080542E /* main.m in Sources */,
				27C0E3261B72923C00A6D084 /* PlaceDetailCollectionViewCell.m in Sources */,
				274B49E81B7371CC0037BF5A /* UserDetailViewController.m in Sources */,
				27618D1D1B655FA800ED4931 /* AddLocationTableViewController.m in Sources */,
			);
			runOnlyForDeploymentPostprocessing = 0;
		};
		279E2ACE1A71A7800080542E /* Sources */ = {
			isa = PBXSourcesBuildPhase;
			buildActionMask = 2147483647;
			files = (
				279E2AD91A71A7800080542E /* GameFinderTests.m in Sources */,
			);
			runOnlyForDeploymentPostprocessing = 0;
		};
/* End PBXSourcesBuildPhase section */

/* Begin PBXTargetDependency section */
		279E2AD41A71A7800080542E /* PBXTargetDependency */ = {
			isa = PBXTargetDependency;
			target = 279E2AB81A71A77F0080542E /* GameFinder */;
			targetProxy = 279E2AD31A71A7800080542E /* PBXContainerItemProxy */;
		};
/* End PBXTargetDependency section */

/* Begin PBXVariantGroup section */
		279E2AC61A71A77F0080542E /* Main.storyboard */ = {
			isa = PBXVariantGroup;
			children = (
				279E2AC71A71A77F0080542E /* Base */,
			);
			name = Main.storyboard;
			path = GameFinder;
			sourceTree = "<group>";
		};
		279E2ACB1A71A77F0080542E /* LaunchScreen.xib */ = {
			isa = PBXVariantGroup;
			children = (
				279E2ACC1A71A77F0080542E /* Base */,
			);
			name = LaunchScreen.xib;
			sourceTree = "<group>";
		};
/* End PBXVariantGroup section */

/* Begin XCBuildConfiguration section */
		279E2ADA1A71A7800080542E /* Debug */ = {
			isa = XCBuildConfiguration;
			buildSettings = {
				ALWAYS_SEARCH_USER_PATHS = NO;
				CLANG_CXX_LANGUAGE_STANDARD = "gnu++0x";
				CLANG_CXX_LIBRARY = "libc++";
				CLANG_ENABLE_MODULES = YES;
				CLANG_ENABLE_OBJC_ARC = YES;
				CLANG_WARN_BOOL_CONVERSION = YES;
				CLANG_WARN_CONSTANT_CONVERSION = YES;
				CLANG_WARN_DIRECT_OBJC_ISA_USAGE = YES_ERROR;
				CLANG_WARN_EMPTY_BODY = YES;
				CLANG_WARN_ENUM_CONVERSION = YES;
				CLANG_WARN_INT_CONVERSION = YES;
				CLANG_WARN_OBJC_ROOT_CLASS = YES_ERROR;
				CLANG_WARN_UNREACHABLE_CODE = YES;
				CLANG_WARN__DUPLICATE_METHOD_MATCH = YES;
				"CODE_SIGN_IDENTITY[sdk=iphoneos*]" = "iPhone Developer";
				COPY_PHASE_STRIP = NO;
				ENABLE_STRICT_OBJC_MSGSEND = YES;
				GCC_C_LANGUAGE_STANDARD = gnu99;
				GCC_DYNAMIC_NO_PIC = NO;
				GCC_OPTIMIZATION_LEVEL = 0;
				GCC_PREPROCESSOR_DEFINITIONS = (
					"DEBUG=1",
					"$(inherited)",
				);
				GCC_SYMBOLS_PRIVATE_EXTERN = NO;
				GCC_WARN_64_TO_32_BIT_CONVERSION = YES;
				GCC_WARN_ABOUT_RETURN_TYPE = YES_ERROR;
				GCC_WARN_UNDECLARED_SELECTOR = YES;
				GCC_WARN_UNINITIALIZED_AUTOS = YES_AGGRESSIVE;
				GCC_WARN_UNUSED_FUNCTION = YES;
				GCC_WARN_UNUSED_VARIABLE = YES;
				IPHONEOS_DEPLOYMENT_TARGET = 8.1;
				MTL_ENABLE_DEBUG_INFO = YES;
				ONLY_ACTIVE_ARCH = YES;
				SDKROOT = iphoneos;
			};
			name = Debug;
		};
		279E2ADB1A71A7800080542E /* Release */ = {
			isa = XCBuildConfiguration;
			buildSettings = {
				ALWAYS_SEARCH_USER_PATHS = NO;
				CLANG_CXX_LANGUAGE_STANDARD = "gnu++0x";
				CLANG_CXX_LIBRARY = "libc++";
				CLANG_ENABLE_MODULES = YES;
				CLANG_ENABLE_OBJC_ARC = YES;
				CLANG_WARN_BOOL_CONVERSION = YES;
				CLANG_WARN_CONSTANT_CONVERSION = YES;
				CLANG_WARN_DIRECT_OBJC_ISA_USAGE = YES_ERROR;
				CLANG_WARN_EMPTY_BODY = YES;
				CLANG_WARN_ENUM_CONVERSION = YES;
				CLANG_WARN_INT_CONVERSION = YES;
				CLANG_WARN_OBJC_ROOT_CLASS = YES_ERROR;
				CLANG_WARN_UNREACHABLE_CODE = YES;
				CLANG_WARN__DUPLICATE_METHOD_MATCH = YES;
				"CODE_SIGN_IDENTITY[sdk=iphoneos*]" = "iPhone Developer";
				COPY_PHASE_STRIP = YES;
				ENABLE_NS_ASSERTIONS = NO;
				ENABLE_STRICT_OBJC_MSGSEND = YES;
				GCC_C_LANGUAGE_STANDARD = gnu99;
				GCC_WARN_64_TO_32_BIT_CONVERSION = YES;
				GCC_WARN_ABOUT_RETURN_TYPE = YES_ERROR;
				GCC_WARN_UNDECLARED_SELECTOR = YES;
				GCC_WARN_UNINITIALIZED_AUTOS = YES_AGGRESSIVE;
				GCC_WARN_UNUSED_FUNCTION = YES;
				GCC_WARN_UNUSED_VARIABLE = YES;
				IPHONEOS_DEPLOYMENT_TARGET = 8.1;
				MTL_ENABLE_DEBUG_INFO = NO;
				SDKROOT = iphoneos;
				VALIDATE_PRODUCT = YES;
			};
			name = Release;
		};
		279E2ADD1A71A7800080542E /* Debug */ = {
			isa = XCBuildConfiguration;
			buildSettings = {
				ASSETCATALOG_COMPILER_APPICON_NAME = AppIcon;
				CODE_SIGN_IDENTITY = "iPhone Developer";
				FRAMEWORK_SEARCH_PATHS = (
					"$(inherited)",
					"$(PROJECT_DIR)/GameFinder",
					"$(PROJECT_DIR)",
					/Users/NickReeder/Documents/FacebookSDK,
					"$(PROJECT_DIR)/SVProgressHUD",
				);
				INFOPLIST_FILE = GameFinder/Info.plist;
				IPHONEOS_DEPLOYMENT_TARGET = 8.3;
				LD_RUNPATH_SEARCH_PATHS = "$(inherited) @executable_path/Frameworks";
				PRODUCT_NAME = GameFinder;
				VALID_ARCHS = "arm64 armv7 armv7s";
			};
			name = Debug;
		};
		279E2ADE1A71A7800080542E /* Release */ = {
			isa = XCBuildConfiguration;
			buildSettings = {
				ASSETCATALOG_COMPILER_APPICON_NAME = AppIcon;
				CODE_SIGN_IDENTITY = "iPhone Developer";
				FRAMEWORK_SEARCH_PATHS = (
					"$(inherited)",
					"$(PROJECT_DIR)/GameFinder",
					"$(PROJECT_DIR)",
					/Users/NickReeder/Documents/FacebookSDK,
					"$(PROJECT_DIR)/SVProgressHUD",
				);
				INFOPLIST_FILE = GameFinder/Info.plist;
				IPHONEOS_DEPLOYMENT_TARGET = 8.3;
				LD_RUNPATH_SEARCH_PATHS = "$(inherited) @executable_path/Frameworks";
				PRODUCT_NAME = GameFinder;
				VALID_ARCHS = "arm64 armv7 armv7s";
			};
			name = Release;
		};
		279E2AE01A71A7800080542E /* Debug */ = {
			isa = XCBuildConfiguration;
			buildSettings = {
				BUNDLE_LOADER = "$(TEST_HOST)";
				FRAMEWORK_SEARCH_PATHS = (
					"$(SDKROOT)/Developer/Library/Frameworks",
					"$(inherited)",
				);
				GCC_PREPROCESSOR_DEFINITIONS = (
					"DEBUG=1",
					"$(inherited)",
				);
				INFOPLIST_FILE = GameFinderTests/Info.plist;
				LD_RUNPATH_SEARCH_PATHS = "$(inherited) @executable_path/Frameworks @loader_path/Frameworks";
				PRODUCT_NAME = "$(TARGET_NAME)";
				TEST_HOST = "$(BUILT_PRODUCTS_DIR)/GameFinder.app/GameFinder";
			};
			name = Debug;
		};
		279E2AE11A71A7800080542E /* Release */ = {
			isa = XCBuildConfiguration;
			buildSettings = {
				BUNDLE_LOADER = "$(TEST_HOST)";
				FRAMEWORK_SEARCH_PATHS = (
					"$(SDKROOT)/Developer/Library/Frameworks",
					"$(inherited)",
				);
				INFOPLIST_FILE = GameFinderTests/Info.plist;
				LD_RUNPATH_SEARCH_PATHS = "$(inherited) @executable_path/Frameworks @loader_path/Frameworks";
				PRODUCT_NAME = "$(TARGET_NAME)";
				TEST_HOST = "$(BUILT_PRODUCTS_DIR)/GameFinder.app/GameFinder";
			};
			name = Release;
		};
/* End XCBuildConfiguration section */

/* Begin XCConfigurationList section */
		279E2AB41A71A77F0080542E /* Build configuration list for PBXProject "GameFinder" */ = {
			isa = XCConfigurationList;
			buildConfigurations = (
				279E2ADA1A71A7800080542E /* Debug */,
				279E2ADB1A71A7800080542E /* Release */,
			);
			defaultConfigurationIsVisible = 0;
			defaultConfigurationName = Release;
		};
		279E2ADC1A71A7800080542E /* Build configuration list for PBXNativeTarget "GameFinder" */ = {
			isa = XCConfigurationList;
			buildConfigurations = (
				279E2ADD1A71A7800080542E /* Debug */,
				279E2ADE1A71A7800080542E /* Release */,
			);
			defaultConfigurationIsVisible = 0;
			defaultConfigurationName = Release;
		};
		279E2ADF1A71A7800080542E /* Build configuration list for PBXNativeTarget "GameFinderTests" */ = {
			isa = XCConfigurationList;
			buildConfigurations = (
				279E2AE01A71A7800080542E /* Debug */,
				279E2AE11A71A7800080542E /* Release */,
			);
			defaultConfigurationIsVisible = 0;
			defaultConfigurationName = Release;
		};
/* End XCConfigurationList section */
	};
	rootObject = 279E2AB11A71A77F0080542E /* Project object */;
}
